PODS:
  - Alamofire (4.4.0)
  - FMDB (2.6.2):
    - FMDB/standard (= 2.6.2)
  - FMDB/standard (2.6.2)
  - Kingfisher (3.5.1)
  - YYModel (1.0.4)

DEPENDENCIES:
  - Alamofire (= 4.4.0)
  - FMDB (= 2.6.2)
  - Kingfisher (= 3.5.1)
  - YYModel (= 1.0.4)

SPEC CHECKSUMS:
  Alamofire: dc44b1600b800eb63da6a19039a0083d62a6a62d
  FMDB: 854a0341b4726e53276f2a8996f06f1b80f9259a
  Kingfisher: 12eeffeef42ea45b68c5e5acfe8ba9005b713ab4
  YYModel: 2a7fdd96aaa4b86a824e26d0c517de8928c04b30

PODFILE CHECKSUM: 4ed7db14ce709304bbfab042586e14cd6e61fb33

COCOAPODS: 1.2.0.beta.1
