// !$*UTF8*$!
{
	archiveVersion = 1;
	classes = {
	};
	objectVersion = 46;
	objects = {

/* Begin PBXBuildFile section */
		5AE1EB3392745FE274016EC9 /* Pods_Mac_YunIM.framework in Frameworks */ = {isa = PBXBuildFile; fileRef = 86068D6183DE18181463913B /* Pods_Mac_YunIM.framework */; };
		8EB4450F1E76EC3A008E963C /* AppDelegate.swift in Sources */ = {isa = PBXBuildFile; fileRef = 8EB4450E1E76EC3A008E963C /* AppDelegate.swift */; };
		8EB445111E76EC3A008E963C /* ViewController.swift in Sources */ = {isa = PBXBuildFile; fileRef = 8EB445101E76EC3A008E963C /* ViewController.swift */; };
		8EB445131E76EC3A008E963C /* Assets.xcassets in Resources */ = {isa = PBXBuildFile; fileRef = 8EB445121E76EC3A008E963C /* Assets.xcassets */; };
		8EB445161E76EC3A008E963C /* Main.storyboard in Resources */ = {isa = PBXBuildFile; fileRef = 8EB445141E76EC3A008E963C /* Main.storyboard */; };
/* End PBXBuildFile section */

/* Begin PBXFileReference section */
		7FF2266DC8129E4F92661A58 /* Pods-Mac-YunIM.release.xcconfig */ = {isa = PBXFileReference; includeInIndex = 1; lastKnownFileType = text.xcconfig; name = "Pods-Mac-YunIM.release.xcconfig"; path = "Pods/Target Support Files/Pods-Mac-YunIM/Pods-Mac-YunIM.release.xcconfig"; sourceTree = "<group>"; };
		86068D6183DE18181463913B /* Pods_Mac_YunIM.framework */ = {isa = PBXFileReference; explicitFileType = wrapper.framework; includeInIndex = 0; path = Pods_Mac_YunIM.framework; sourceTree = BUILT_PRODUCTS_DIR; };
		8EB4450B1E76EC3A008E963C /* Mac-YunIM.app */ = {isa = PBXFileReference; explicitFileType = wrapper.application; includeInIndex = 0; path = "Mac-YunIM.app"; sourceTree = BUILT_PRODUCTS_DIR; };
		8EB4450E1E76EC3A008E963C /* AppDelegate.swift */ = {isa = PBXFileReference; lastKnownFileType = sourcecode.swift; path = AppDelegate.swift; sourceTree = "<group>"; };
		8EB445101E76EC3A008E963C /* ViewController.swift */ = {isa = PBXFileReference; lastKnownFileType = sourcecode.swift; path = ViewController.swift; sourceTree = "<group>"; };
		8EB445121E76EC3A008E963C /* Assets.xcassets */ = {isa = PBXFileReference; lastKnownFileType = folder.assetcatalog; path = Assets.xcassets; sourceTree = "<group>"; };
		8EB445151E76EC3A008E963C /* Base */ = {isa = PBXFileReference; lastKnownFileType = file.storyboard; name = Base; path = Base.lproj/Main.storyboard; sourceTree = "<group>"; };
		8EB445171E76EC3A008E963C /* Info.plist */ = {isa = PBXFileReference; lastKnownFileType = text.plist.xml; path = Info.plist; sourceTree = "<group>"; };
		B8F41849FCE9547C4CB42E81 /* Pods-Mac-YunIM.debug.xcconfig */ = {isa = PBXFileReference; includeInIndex = 1; lastKnownFileType = text.xcconfig; name = "Pods-Mac-YunIM.debug.xcconfig"; path = "Pods/Target Support Files/Pods-Mac-YunIM/Pods-Mac-YunIM.debug.xcconfig"; sourceTree = "<group>"; };
/* End PBXFileReference section */

/* Begin PBXFrameworksBuildPhase section */
		8EB445081E76EC3A008E963C /* Frameworks */ = {
			isa = PBXFrameworksBuildPhase;
			buildActionMask = 2147483647;
			files = (
				5AE1EB3392745FE274016EC9 /* Pods_Mac_YunIM.framework in Frameworks */,
			);
			runOnlyForDeploymentPostprocessing = 0;
		};
/* End PBXFrameworksBuildPhase section */

/* Begin PBXGroup section */
		824DF51757B8E00EDB7E8B1B /* Frameworks */ = {
			isa = PBXGroup;
			children = (
				86068D6183DE18181463913B /* Pods_Mac_YunIM.framework */,
			);
			name = Frameworks;
			sourceTree = "<group>";
		};
		8EB445021E76EC3A008E963C = {
			isa = PBXGroup;
			children = (
				8EB4450D1E76EC3A008E963C /* Mac-YunIM */,
				8EB4450C1E76EC3A008E963C /* Products */,
				B4BE384C2B5908645397329D /* Pods */,
				824DF51757B8E00EDB7E8B1B /* Frameworks */,
			);
			sourceTree = "<group>";
		};
		8EB4450C1E76EC3A008E963C /* Products */ = {
			isa = PBXGroup;
			children = (
				8EB4450B1E76EC3A008E963C /* Mac-YunIM.app */,
			);
			name = Products;
			sourceTree = "<group>";
		};
		8EB4450D1E76EC3A008E963C /* Mac-YunIM */ = {
			isa = PBXGroup;
			children = (
				8EB4450E1E76EC3A008E963C /* AppDelegate.swift */,
				8EB445101E76EC3A008E963C /* ViewController.swift */,
				8EB445121E76EC3A008E963C /* Assets.xcassets */,
				8EB445141E76EC3A008E963C /* Main.storyboard */,
				8EB445171E76EC3A008E963C /* Info.plist */,
			);
			path = "Mac-YunIM";
			sourceTree = "<group>";
		};
		B4BE384C2B5908645397329D /* Pods */ = {
			isa = PBXGroup;
			children = (
				B8F41849FCE9547C4CB42E81 /* Pods-Mac-YunIM.debug.xcconfig */,
				7FF2266DC8129E4F92661A58 /* Pods-Mac-YunIM.release.xcconfig */,
			);
			name = Pods;
			sourceTree = "<group>";
		};
/* End PBXGroup section */

/* Begin PBXNativeTarget section */
		8EB4450A1E76EC3A008E963C /* Mac-YunIM */ = {
			isa = PBXNativeTarget;
			buildConfigurationList = 8EB4451A1E76EC3A008E963C /* Build configuration list for PBXNativeTarget "Mac-YunIM" */;
			buildPhases = (
				7A897E9E989DD35B6D0CF5EE /* [CP] Check Pods Manifest.lock */,
				8EB445071E76EC3A008E963C /* Sources */,
				8EB445081E76EC3A008E963C /* Frameworks */,
				8EB445091E76EC3A008E963C /* Resources */,
				D5027C18240CD74DEFE2BE0E /* [CP] Embed Pods Frameworks */,
				096D3DBCC70B8A2270E801E1 /* [CP] Copy Pods Resources */,
			);
			buildRules = (
			);
			dependencies = (
			);
			name = "Mac-YunIM";
			productName = "Mac-YunIM";
			productReference = 8EB4450B1E76EC3A008E963C /* Mac-YunIM.app */;
			productType = "com.apple.product-type.application";
		};
/* End PBXNativeTarget section */

/* Begin PBXProject section */
		8EB445031E76EC3A008E963C /* Project object */ = {
			isa = PBXProject;
			attributes = {
				LastSwiftUpdateCheck = 0820;
				LastUpgradeCheck = 0820;
				ORGANIZATIONNAME = Niu;
				TargetAttributes = {
					8EB4450A1E76EC3A008E963C = {
						CreatedOnToolsVersion = 8.2.1;
						ProvisioningStyle = Automatic;
					};
				};
			};
			buildConfigurationList = 8EB445061E76EC3A008E963C /* Build configuration list for PBXProject "Mac-YunIM" */;
			compatibilityVersion = "Xcode 3.2";
			developmentRegion = English;
			hasScannedForEncodings = 0;
			knownRegions = (
				en,
				Base,
			);
			mainGroup = 8EB445021E76EC3A008E963C;
			productRefGroup = 8EB4450C1E76EC3A008E963C /* Products */;
			projectDirPath = "";
			projectRoot = "";
			targets = (
				8EB4450A1E76EC3A008E963C /* Mac-YunIM */,
			);
		};
/* End PBXProject section */

/* Begin PBXResourcesBuildPhase section */
		8EB445091E76EC3A008E963C /* Resources */ = {
			isa = PBXResourcesBuildPhase;
			buildActionMask = 2147483647;
			files = (
				8EB445131E76EC3A008E963C /* Assets.xcassets in Resources */,
				8EB445161E76EC3A008E963C /* Main.storyboard in Resources */,
			);
			runOnlyForDeploymentPostprocessing = 0;
		};
/* End PBXResourcesBuildPhase section */

/* Begin PBXShellScriptBuildPhase section */
		096D3DBCC70B8A2270E801E1 /* [CP] Copy Pods Resources */ = {
			isa = PBXShellScriptBuildPhase;
			buildActionMask = 2147483647;
			files = (
			);
			inputPaths = (
			);
			name = "[CP] Copy Pods Resources";
			outputPaths = (
			);
			runOnlyForDeploymentPostprocessing = 0;
			shellPath = /bin/sh;
			shellScript = "\"${SRCROOT}/Pods/Target Support Files/Pods-Mac-YunIM/Pods-Mac-YunIM-resources.sh\"\n";
			showEnvVarsInLog = 0;
		};
		7A897E9E989DD35B6D0CF5EE /* [CP] Check Pods Manifest.lock */ = {
			isa = PBXShellScriptBuildPhase;
			buildActionMask = 2147483647;
			files = (
			);
			inputPaths = (
			);
			name = "[CP] Check Pods Manifest.lock";
			outputPaths = (
			);
			runOnlyForDeploymentPostprocessing = 0;
			shellPath = /bin/sh;
			shellScript = "diff \"${PODS_ROOT}/../Podfile.lock\" \"${PODS_ROOT}/Manifest.lock\" > /dev/null\nif [ $? != 0 ] ; then\n    # print error to STDERR\n    echo \"error: The sandbox is not in sync with the Podfile.lock. Run 'pod install' or update your CocoaPods installation.\" >&2\n    exit 1\nfi\n";
			showEnvVarsInLog = 0;
		};
		D5027C18240CD74DEFE2BE0E /* [CP] Embed Pods Frameworks */ = {
			isa = PBXShellScriptBuildPhase;
			buildActionMask = 2147483647;
			files = (
			);
			inputPaths = (
			);
			name = "[CP] Embed Pods Frameworks";
			outputPaths = (
			);
			runOnlyForDeploymentPostprocessing = 0;
			shellPath = /bin/sh;
			shellScript = "\"${SRCROOT}/Pods/Target Support Files/Pods-Mac-YunIM/Pods-Mac-YunIM-frameworks.sh\"\n";
			showEnvVarsInLog = 0;
		};
/* End PBXShellScriptBuildPhase section */

/* Begin PBXSourcesBuildPhase section */
		8EB445071E76EC3A008E963C /* Sources */ = {
			isa = PBXSourcesBuildPhase;
			buildActionMask = 2147483647;
			files = (
				8EB445111E76EC3A008E963C /* ViewController.swift in Sources */,
				8EB4450F1E76EC3A008E963C /* AppDelegate.swift in Sources */,
			);
			runOnlyForDeploymentPostprocessing = 0;
		};
/* End PBXSourcesBuildPhase section */

/* Begin PBXVariantGroup section */
		8EB445141E76EC3A008E963C /* Main.storyboard */ = {
			isa = PBXVariantGroup;
			children = (
				8EB445151E76EC3A008E963C /* Base */,
			);
			name = Main.storyboard;
			sourceTree = "<group>";
		};
/* End PBXVariantGroup section */

/* Begin XCBuildConfiguration section */
		8EB445181E76EC3A008E963C /* Debug */ = {
			isa = XCBuildConfiguration;
			buildSettings = {
				ALWAYS_SEARCH_USER_PATHS = NO;
				CLANG_ANALYZER_NONNULL = YES;
				CLANG_CXX_LANGUAGE_STANDARD = "gnu++0x";
				CLANG_CXX_LIBRARY = "libc++";
				CLANG_ENABLE_MODULES = YES;
				CLANG_ENABLE_OBJC_ARC = YES;
				CLANG_WARN_BOOL_CONVERSION = YES;
				CLANG_WARN_CONSTANT_CONVERSION = YES;
				CLANG_WARN_DIRECT_OBJC_ISA_USAGE = YES_ERROR;
				CLANG_WARN_DOCUMENTATION_COMMENTS = YES;
				CLANG_WARN_EMPTY_BODY = YES;
				CLANG_WARN_ENUM_CONVERSION = YES;
				CLANG_WARN_INFINITE_RECURSION = YES;
				CLANG_WARN_INT_CONVERSION = YES;
				CLANG_WARN_OBJC_ROOT_CLASS = YES_ERROR;
				CLANG_WARN_SUSPICIOUS_MOVE = YES;
				CLANG_WARN_UNREACHABLE_CODE = YES;
				CLANG_WARN__DUPLICATE_METHOD_MATCH = YES;
				CODE_SIGN_IDENTITY = "-";
				COPY_PHASE_STRIP = NO;
				DEBUG_INFORMATION_FORMAT = dwarf;
				ENABLE_STRICT_OBJC_MSGSEND = YES;
				ENABLE_TESTABILITY = YES;
				GCC_C_LANGUAGE_STANDARD = gnu99;
				GCC_DYNAMIC_NO_PIC = NO;
				GCC_NO_COMMON_BLOCKS = YES;
				GCC_OPTIMIZATION_LEVEL = 0;
				GCC_PREPROCESSOR_DEFINITIONS = (
					"DEBUG=1",
					"$(inherited)",
				);
				GCC_WARN_64_TO_32_BIT_CONVERSION = YES;
				GCC_WARN_ABOUT_RETURN_TYPE = YES_ERROR;
				GCC_WARN_UNDECLARED_SELECTOR = YES;
				GCC_WARN_UNINITIALIZED_AUTOS = YES_AGGRESSIVE;
				GCC_WARN_UNUSED_FUNCTION = YES;
				GCC_WARN_UNUSED_VARIABLE = YES;
				MACOSX_DEPLOYMENT_TARGET = 10.12;
				MTL_ENABLE_DEBUG_INFO = YES;
				ONLY_ACTIVE_ARCH = YES;
				SDKROOT = macosx;
				SWIFT_ACTIVE_COMPILATION_CONDITIONS = DEBUG;
				SWIFT_OPTIMIZATION_LEVEL = "-Onone";
			};
			name = Debug;
		};
		8EB445191E76EC3A008E963C /* Release */ = {
			isa = XCBuildConfiguration;
			buildSettings = {
				ALWAYS_SEARCH_USER_PATHS = NO;
				CLANG_ANALYZER_NONNULL = YES;
				CLANG_CXX_LANGUAGE_STANDARD = "gnu++0x";
				CLANG_CXX_LIBRARY = "libc++";
				CLANG_ENABLE_MODULES = YES;
				CLANG_ENABLE_OBJC_ARC = YES;
				CLANG_WARN_BOOL_CONVERSION = YES;
				CLANG_WARN_CONSTANT_CONVERSION = YES;
				CLANG_WARN_DIRECT_OBJC_ISA_USAGE = YES_ERROR;
				CLANG_WARN_DOCUMENTATION_COMMENTS = YES;
				CLANG_WARN_EMPTY_BODY = YES;
				CLANG_WARN_ENUM_CONVERSION = YES;
				CLANG_WARN_INFINITE_RECURSION = YES;
				CLANG_WARN_INT_CONVERSION = YES;
				CLANG_WARN_OBJC_ROOT_CLASS = YES_ERROR;
				CLANG_WARN_SUSPICIOUS_MOVE = YES;
				CLANG_WARN_UNREACHABLE_CODE = YES;
				CLANG_WARN__DUPLICATE_METHOD_MATCH = YES;
				CODE_SIGN_IDENTITY = "-";
				COPY_PHASE_STRIP = NO;
				DEBUG_INFORMATION_FORMAT = "dwarf-with-dsym";
				ENABLE_NS_ASSERTIONS = NO;
				ENABLE_STRICT_OBJC_MSGSEND = YES;
				GCC_C_LANGUAGE_STANDARD = gnu99;
				GCC_NO_COMMON_BLOCKS = YES;
				GCC_WARN_64_TO_32_BIT_CONVERSION = YES;
				GCC_WARN_ABOUT_RETURN_TYPE = YES_ERROR;
				GCC_WARN_UNDECLARED_SELECTOR = YES;
				GCC_WARN_UNINITIALIZED_AUTOS = YES_AGGRESSIVE;
				GCC_WARN_UNUSED_FUNCTION = YES;
				GCC_WARN_UNUSED_VARIABLE = YES;
				MACOSX_DEPLOYMENT_TARGET = 10.12;
				MTL_ENABLE_DEBUG_INFO = NO;
				SDKROOT = macosx;
				SWIFT_OPTIMIZATION_LEVEL = "-Owholemodule";
			};
			name = Release;
		};
		8EB4451B1E76EC3A008E963C /* Debug */ = {
			isa = XCBuildConfiguration;
			baseConfigurationReference = B8F41849FCE9547C4CB42E81 /* Pods-Mac-YunIM.debug.xcconfig */;
			buildSettings = {
				ASSETCATALOG_COMPILER_APPICON_NAME = AppIcon;
				COMBINE_HIDPI_IMAGES = YES;
				INFOPLIST_FILE = "Mac-YunIM/Info.plist";
				LD_RUNPATH_SEARCH_PATHS = "$(inherited) @executable_path/../Frameworks";
				MACOSX_DEPLOYMENT_TARGET = 10.10;
				PRODUCT_BUNDLE_IDENTIFIER = "Hui.Mac-YunIM";
				PRODUCT_NAME = "$(TARGET_NAME)";
				SWIFT_VERSION = 3.0;
			};
			name = Debug;
		};
		8EB4451C1E76EC3A008E963C /* Release */ = {
			isa = XCBuildConfiguration;
			baseConfigurationReference = 7FF2266DC8129E4F92661A58 /* Pods-Mac-YunIM.release.xcconfig */;
			buildSettings = {
				ASSETCATALOG_COMPILER_APPICON_NAME = AppIcon;
				COMBINE_HIDPI_IMAGES = YES;
				INFOPLIST_FILE = "Mac-YunIM/Info.plist";
				LD_RUNPATH_SEARCH_PATHS = "$(inherited) @executable_path/../Frameworks";
				MACOSX_DEPLOYMENT_TARGET = 10.10;
				PRODUCT_BUNDLE_IDENTIFIER = "Hui.Mac-YunIM";
				PRODUCT_NAME = "$(TARGET_NAME)";
				SWIFT_VERSION = 3.0;
			};
			name = Release;
		};
/* End XCBuildConfiguration section */

/* Begin XCConfigurationList section */
		8EB445061E76EC3A008E963C /* Build configuration list for PBXProject "Mac-YunIM" */ = {
			isa = XCConfigurationList;
			buildConfigurations = (
				8EB445181E76EC3A008E963C /* Debug */,
				8EB445191E76EC3A008E963C /* Release */,
			);
			defaultConfigurationIsVisible = 0;
			defaultConfigurationName = Release;
		};
		8EB4451A1E76EC3A008E963C /* Build configuration list for PBXNativeTarget "Mac-YunIM" */ = {
			isa = XCConfigurationList;
			buildConfigurations = (
				8EB4451B1E76EC3A008E963C /* Debug */,
				8EB4451C1E76EC3A008E963C /* Release */,
			);
			defaultConfigurationIsVisible = 0;
			defaultConfigurationName = Release;
		};
/* End XCConfigurationList section */
	};
	rootObject = 8EB445031E76EC3A008E963C /* Project object */;
}
