// !$*UTF8*$!
{
	archiveVersion = 1;
	classes = {
	};
	objectVersion = 46;
	objects = {

/* Begin PBXBuildFile section */
		87F08AE0C504F1A83AA91F33 /* Pods_MacOs_YunIM.framework in Frameworks */ = {isa = PBXBuildFile; fileRef = EB0278F3E3FCED4FFAA9E33F /* Pods_MacOs_YunIM.framework */; };
		8E09B6EB1E7BD3C700009BC4 /* AppDelegate.swift in Sources */ = {isa = PBXBuildFile; fileRef = 8E09B6EA1E7BD3C700009BC4 /* AppDelegate.swift */; };
		8E09B6ED1E7BD3C700009BC4 /* Assets.xcassets in Resources */ = {isa = PBXBuildFile; fileRef = 8E09B6EC1E7BD3C700009BC4 /* Assets.xcassets */; };
		8E09B6F01E7BD3C700009BC4 /* MainMenu.xib in Resources */ = {isa = PBXBuildFile; fileRef = 8E09B6EE1E7BD3C700009BC4 /* MainMenu.xib */; };
		8E09B6F81E7BD3E300009BC4 /* AppDelegate+Login.swift in Sources */ = {isa = PBXBuildFile; fileRef = 8E09B6F71E7BD3E300009BC4 /* AppDelegate+Login.swift */; };
		8E09B7001E7BD3EF00009BC4 /* NHLoginWindowController.swift in Sources */ = {isa = PBXBuildFile; fileRef = 8E09B6FB1E7BD3EF00009BC4 /* NHLoginWindowController.swift */; };
		8E09B7011E7BD3EF00009BC4 /* NHLoginWindowController.xib in Resources */ = {isa = PBXBuildFile; fileRef = 8E09B6FC1E7BD3EF00009BC4 /* NHLoginWindowController.xib */; };
		8E09B7021E7BD3EF00009BC4 /* LoginBottomView.swift in Sources */ = {isa = PBXBuildFile; fileRef = 8E09B6FE1E7BD3EF00009BC4 /* LoginBottomView.swift */; };
		8E09B7031E7BD3EF00009BC4 /* LoginBottomView.xib in Resources */ = {isa = PBXBuildFile; fileRef = 8E09B6FF1E7BD3EF00009BC4 /* LoginBottomView.xib */; };
		8E11BDB41E90C6420029A7EB /* APIRouter.swift in Sources */ = {isa = PBXBuildFile; fileRef = 8E11BDB31E90C6420029A7EB /* APIRouter.swift */; };
		8E11BDB71E9107900029A7EB /* IMLoginAPI.swift in Sources */ = {isa = PBXBuildFile; fileRef = 8E11BDB61E9107900029A7EB /* IMLoginAPI.swift */; };
		8E11BDB91E9107D70029A7EB /* ApiProtocol.swift in Sources */ = {isa = PBXBuildFile; fileRef = 8E11BDB81E9107D70029A7EB /* ApiProtocol.swift */; };
		8E11BDBC1E914F310029A7EB /* IMChatMob.swift in Sources */ = {isa = PBXBuildFile; fileRef = 8E11BDBB1E914F310029A7EB /* IMChatMob.swift */; };
		8E11BDBF1E914FBD0029A7EB /* IMloginProtocol.swift in Sources */ = {isa = PBXBuildFile; fileRef = 8E11BDBE1E914FBD0029A7EB /* IMloginProtocol.swift */; };
		8E11BDC11E9150160029A7EB /* IMLoginManager.swift in Sources */ = {isa = PBXBuildFile; fileRef = 8E11BDC01E9150160029A7EB /* IMLoginManager.swift */; };
		8E11BDC31E91FAA70029A7EB /* SendBuffer.swift in Sources */ = {isa = PBXBuildFile; fileRef = 8E11BDC21E91FAA70029A7EB /* SendBuffer.swift */; };
		8E11BDC51E9216910029A7EB /* ConnectTcpManager.swift in Sources */ = {isa = PBXBuildFile; fileRef = 8E11BDC41E9216910029A7EB /* ConnectTcpManager.swift */; };
		8E11BDC71E9228F80029A7EB /* DataOutputStream.swift in Sources */ = {isa = PBXBuildFile; fileRef = 8E11BDC61E9228F80029A7EB /* DataOutputStream.swift */; };
		8E203A321E7CDDE100AABB87 /* InterfaceDefine.swift in Sources */ = {isa = PBXBuildFile; fileRef = 8E203A311E7CDDE100AABB87 /* InterfaceDefine.swift */; };
		8E8F7A6D1E8FADA900B061E4 /* IM.BaseDefine.proto in Resources */ = {isa = PBXBuildFile; fileRef = 8E8F7A1E1E8FADA800B061E4 /* IM.BaseDefine.proto */; };
		8E8F7A6E1E8FADA900B061E4 /* IM.Login.proto in Resources */ = {isa = PBXBuildFile; fileRef = 8E8F7A1F1E8FADA800B061E4 /* IM.Login.proto */; };
		8E8F7A6F1E8FADA900B061E4 /* IM.Message.proto in Resources */ = {isa = PBXBuildFile; fileRef = 8E8F7A201E8FADA800B061E4 /* IM.Message.proto */; };
		8E8F7A701E8FADA900B061E4 /* IM.Other.proto in Resources */ = {isa = PBXBuildFile; fileRef = 8E8F7A211E8FADA800B061E4 /* IM.Other.proto */; };
		8E8F7A711E8FADA900B061E4 /* ImBaseDefine.pbobjc.m in Sources */ = {isa = PBXBuildFile; fileRef = 8E8F7A231E8FADA800B061E4 /* ImBaseDefine.pbobjc.m */; settings = {COMPILER_FLAGS = "-fno-objc-arc"; }; };
		8E8F7A721E8FADA900B061E4 /* ImLogin.pbobjc.m in Sources */ = {isa = PBXBuildFile; fileRef = 8E8F7A251E8FADA800B061E4 /* ImLogin.pbobjc.m */; settings = {COMPILER_FLAGS = "-fno-objc-arc"; }; };
		8E8F7A731E8FADA900B061E4 /* ImMessage.pbobjc.m in Sources */ = {isa = PBXBuildFile; fileRef = 8E8F7A271E8FADA800B061E4 /* ImMessage.pbobjc.m */; settings = {COMPILER_FLAGS = "-fno-objc-arc"; }; };
		8E8F7A741E8FADA900B061E4 /* ImOther.pbobjc.m in Sources */ = {isa = PBXBuildFile; fileRef = 8E8F7A291E8FADA900B061E4 /* ImOther.pbobjc.m */; settings = {COMPILER_FLAGS = "-fno-objc-arc"; }; };
		8E8F7A751E8FADA900B061E4 /* generate_well_known_types.sh in Resources */ = {isa = PBXBuildFile; fileRef = 8E8F7A2B1E8FADA900B061E4 /* generate_well_known_types.sh */; };
		8E8F7A761E8FADA900B061E4 /* Any.pbobjc.m in Sources */ = {isa = PBXBuildFile; fileRef = 8E8F7A2F1E8FADA900B061E4 /* Any.pbobjc.m */; settings = {COMPILER_FLAGS = "-fno-objc-arc"; }; };
		8E8F7A771E8FADA900B061E4 /* Api.pbobjc.m in Sources */ = {isa = PBXBuildFile; fileRef = 8E8F7A311E8FADA900B061E4 /* Api.pbobjc.m */; settings = {COMPILER_FLAGS = "-fno-objc-arc"; }; };
		8E8F7A781E8FADA900B061E4 /* Duration.pbobjc.m in Sources */ = {isa = PBXBuildFile; fileRef = 8E8F7A331E8FADA900B061E4 /* Duration.pbobjc.m */; settings = {COMPILER_FLAGS = "-fno-objc-arc"; }; };
		8E8F7A791E8FADA900B061E4 /* Empty.pbobjc.m in Sources */ = {isa = PBXBuildFile; fileRef = 8E8F7A351E8FADA900B061E4 /* Empty.pbobjc.m */; settings = {COMPILER_FLAGS = "-fno-objc-arc"; }; };
		8E8F7A7A1E8FADA900B061E4 /* FieldMask.pbobjc.m in Sources */ = {isa = PBXBuildFile; fileRef = 8E8F7A371E8FADA900B061E4 /* FieldMask.pbobjc.m */; settings = {COMPILER_FLAGS = "-fno-objc-arc"; }; };
		8E8F7A7B1E8FADA900B061E4 /* SourceContext.pbobjc.m in Sources */ = {isa = PBXBuildFile; fileRef = 8E8F7A391E8FADA900B061E4 /* SourceContext.pbobjc.m */; settings = {COMPILER_FLAGS = "-fno-objc-arc"; }; };
		8E8F7A7C1E8FADA900B061E4 /* Struct.pbobjc.m in Sources */ = {isa = PBXBuildFile; fileRef = 8E8F7A3B1E8FADA900B061E4 /* Struct.pbobjc.m */; settings = {COMPILER_FLAGS = "-fno-objc-arc"; }; };
		8E8F7A7D1E8FADA900B061E4 /* Timestamp.pbobjc.m in Sources */ = {isa = PBXBuildFile; fileRef = 8E8F7A3D1E8FADA900B061E4 /* Timestamp.pbobjc.m */; settings = {COMPILER_FLAGS = "-fno-objc-arc"; }; };
		8E8F7A7E1E8FADA900B061E4 /* Type.pbobjc.m in Sources */ = {isa = PBXBuildFile; fileRef = 8E8F7A3F1E8FADA900B061E4 /* Type.pbobjc.m */; settings = {COMPILER_FLAGS = "-fno-objc-arc"; }; };
		8E8F7A7F1E8FADA900B061E4 /* Wrappers.pbobjc.m in Sources */ = {isa = PBXBuildFile; fileRef = 8E8F7A411E8FADA900B061E4 /* Wrappers.pbobjc.m */; settings = {COMPILER_FLAGS = "-fno-objc-arc"; }; };
		8E8F7A801E8FADA900B061E4 /* GPBArray.m in Sources */ = {isa = PBXBuildFile; fileRef = 8E8F7A431E8FADA900B061E4 /* GPBArray.m */; settings = {COMPILER_FLAGS = "-fno-objc-arc"; }; };
		8E8F7A811E8FADA900B061E4 /* GPBCodedInputStream.m in Sources */ = {isa = PBXBuildFile; fileRef = 8E8F7A471E8FADA900B061E4 /* GPBCodedInputStream.m */; settings = {COMPILER_FLAGS = "-fno-objc-arc"; }; };
		8E8F7A821E8FADA900B061E4 /* GPBCodedOutputStream.m in Sources */ = {isa = PBXBuildFile; fileRef = 8E8F7A4A1E8FADA900B061E4 /* GPBCodedOutputStream.m */; settings = {COMPILER_FLAGS = "-fno-objc-arc"; }; };
		8E8F7A831E8FADA900B061E4 /* GPBDescriptor.m in Sources */ = {isa = PBXBuildFile; fileRef = 8E8F7A4D1E8FADA900B061E4 /* GPBDescriptor.m */; settings = {COMPILER_FLAGS = "-fno-objc-arc"; }; };
		8E8F7A841E8FADA900B061E4 /* GPBDictionary.m in Sources */ = {isa = PBXBuildFile; fileRef = 8E8F7A501E8FADA900B061E4 /* GPBDictionary.m */; settings = {COMPILER_FLAGS = "-fno-objc-arc"; }; };
		8E8F7A851E8FADA900B061E4 /* GPBExtensionInternals.m in Sources */ = {isa = PBXBuildFile; fileRef = 8E8F7A531E8FADA900B061E4 /* GPBExtensionInternals.m */; settings = {COMPILER_FLAGS = "-fno-objc-arc"; }; };
		8E8F7A861E8FADA900B061E4 /* GPBExtensionRegistry.m in Sources */ = {isa = PBXBuildFile; fileRef = 8E8F7A551E8FADA900B061E4 /* GPBExtensionRegistry.m */; settings = {COMPILER_FLAGS = "-fno-objc-arc"; }; };
		8E8F7A871E8FADA900B061E4 /* GPBMessage.m in Sources */ = {isa = PBXBuildFile; fileRef = 8E8F7A571E8FADA900B061E4 /* GPBMessage.m */; settings = {COMPILER_FLAGS = "-fno-objc-arc"; }; };
		8E8F7A881E8FADA900B061E4 /* GPBRootObject.m in Sources */ = {isa = PBXBuildFile; fileRef = 8E8F7A5C1E8FADA900B061E4 /* GPBRootObject.m */; settings = {COMPILER_FLAGS = "-fno-objc-arc"; }; };
		8E8F7A891E8FADA900B061E4 /* GPBUnknownField.m in Sources */ = {isa = PBXBuildFile; fileRef = 8E8F7A601E8FADA900B061E4 /* GPBUnknownField.m */; settings = {COMPILER_FLAGS = "-fno-objc-arc"; }; };
		8E8F7A8A1E8FADA900B061E4 /* GPBUnknownFieldSet.m in Sources */ = {isa = PBXBuildFile; fileRef = 8E8F7A631E8FADA900B061E4 /* GPBUnknownFieldSet.m */; settings = {COMPILER_FLAGS = "-fno-objc-arc"; }; };
		8E8F7A8B1E8FADA900B061E4 /* GPBUtilities.m in Sources */ = {isa = PBXBuildFile; fileRef = 8E8F7A661E8FADA900B061E4 /* GPBUtilities.m */; settings = {COMPILER_FLAGS = "-fno-objc-arc"; }; };
		8E8F7A8C1E8FADA900B061E4 /* GPBWellKnownTypes.m in Sources */ = {isa = PBXBuildFile; fileRef = 8E8F7A691E8FADA900B061E4 /* GPBWellKnownTypes.m */; settings = {COMPILER_FLAGS = "-fno-objc-arc"; }; };
		8E8F7A8D1E8FADA900B061E4 /* GPBWireFormat.m in Sources */ = {isa = PBXBuildFile; fileRef = 8E8F7A6B1E8FADA900B061E4 /* GPBWireFormat.m */; settings = {COMPILER_FLAGS = "-fno-objc-arc"; }; };
		8E8F7A911E8FB3D000B061E4 /* TcpManager.swift in Sources */ = {isa = PBXBuildFile; fileRef = 8E8F7A901E8FB3D000B061E4 /* TcpManager.swift */; };
		8E8F7A931E900C3E00B061E4 /* DataInputStream.swift in Sources */ = {isa = PBXBuildFile; fileRef = 8E8F7A921E900C3E00B061E4 /* DataInputStream.swift */; };
		8E8F7A951E90157300B061E4 /* SwiftKit.swift in Sources */ = {isa = PBXBuildFile; fileRef = 8E8F7A941E90157300B061E4 /* SwiftKit.swift */; };
		8E9FBD861E7EDEE6001B87BA /* MainWindowController.storyboard in Resources */ = {isa = PBXBuildFile; fileRef = 8E9FBD841E7EDEE6001B87BA /* MainWindowController.storyboard */; };
		8E9FBD871E7EDEE6001B87BA /* MainWindowController.swift in Sources */ = {isa = PBXBuildFile; fileRef = 8E9FBD851E7EDEE6001B87BA /* MainWindowController.swift */; };
		8E9FBDAD1E7F8F9A001B87BA /* NHRequest.swift in Sources */ = {isa = PBXBuildFile; fileRef = 8E9FBDAC1E7F8F9A001B87BA /* NHRequest.swift */; };
		8E9FBDB01E7FA7F5001B87BA /* ModelProtocol.swift in Sources */ = {isa = PBXBuildFile; fileRef = 8E9FBDAF1E7FA7F5001B87BA /* ModelProtocol.swift */; };
		8E9FBDB21E7FA812001B87BA /* LoginModel.swift in Sources */ = {isa = PBXBuildFile; fileRef = 8E9FBDB11E7FA812001B87BA /* LoginModel.swift */; };
		8E9FBDB41E7FB43C001B87BA /* BaseModel.swift in Sources */ = {isa = PBXBuildFile; fileRef = 8E9FBDB31E7FB43C001B87BA /* BaseModel.swift */; };
		8E9FBDB61E802CDA001B87BA /* NHLoginTool.swift in Sources */ = {isa = PBXBuildFile; fileRef = 8E9FBDB51E802CDA001B87BA /* NHLoginTool.swift */; };
		8E9FBDBC1E8038DF001B87BA /* UserPofile.swift in Sources */ = {isa = PBXBuildFile; fileRef = 8E9FBDBB1E8038DF001B87BA /* UserPofile.swift */; };
		8E9FBDBE1E8041EC001B87BA /* MainLeftController.swift in Sources */ = {isa = PBXBuildFile; fileRef = 8E9FBDBD1E8041EC001B87BA /* MainLeftController.swift */; };
		8E9FBDC01E805684001B87BA /* MainSessionListController.swift in Sources */ = {isa = PBXBuildFile; fileRef = 8E9FBDBF1E805684001B87BA /* MainSessionListController.swift */; };
		8EEA36DE1E80591C0098438D /* MainSessionItem.swift in Sources */ = {isa = PBXBuildFile; fileRef = 8EEA36DC1E80591C0098438D /* MainSessionItem.swift */; };
		8EEA36DF1E80591C0098438D /* MainSessionItem.xib in Resources */ = {isa = PBXBuildFile; fileRef = 8EEA36DD1E80591C0098438D /* MainSessionItem.xib */; };
		911096001EA7529D00CF941B /* MainRightChatController.swift in Sources */ = {isa = PBXBuildFile; fileRef = 911095FF1EA7529D00CF941B /* MainRightChatController.swift */; };
/* End PBXBuildFile section */

/* Begin PBXFileReference section */
		020E92223CAE9C3671289CFD /* Pods-MacOs-YunIM.release.xcconfig */ = {isa = PBXFileReference; includeInIndex = 1; lastKnownFileType = text.xcconfig; name = "Pods-MacOs-YunIM.release.xcconfig"; path = "Pods/Target Support Files/Pods-MacOs-YunIM/Pods-MacOs-YunIM.release.xcconfig"; sourceTree = "<group>"; };
		63292AE3F821849537F39D54 /* Pods-MacOs-YunIM.debug.xcconfig */ = {isa = PBXFileReference; includeInIndex = 1; lastKnownFileType = text.xcconfig; name = "Pods-MacOs-YunIM.debug.xcconfig"; path = "Pods/Target Support Files/Pods-MacOs-YunIM/Pods-MacOs-YunIM.debug.xcconfig"; sourceTree = "<group>"; };
		8E09B6E71E7BD3C700009BC4 /* MacOs-YunIM.app */ = {isa = PBXFileReference; explicitFileType = wrapper.application; includeInIndex = 0; path = "MacOs-YunIM.app"; sourceTree = BUILT_PRODUCTS_DIR; };
		8E09B6EA1E7BD3C700009BC4 /* AppDelegate.swift */ = {isa = PBXFileReference; lastKnownFileType = sourcecode.swift; path = AppDelegate.swift; sourceTree = "<group>"; };
		8E09B6EC1E7BD3C700009BC4 /* Assets.xcassets */ = {isa = PBXFileReference; lastKnownFileType = folder.assetcatalog; path = Assets.xcassets; sourceTree = "<group>"; };
		8E09B6EF1E7BD3C700009BC4 /* Base */ = {isa = PBXFileReference; lastKnownFileType = file.xib; name = Base; path = Base.lproj/MainMenu.xib; sourceTree = "<group>"; };
		8E09B6F11E7BD3C700009BC4 /* Info.plist */ = {isa = PBXFileReference; lastKnownFileType = text.plist.xml; path = Info.plist; sourceTree = "<group>"; };
		8E09B6F71E7BD3E300009BC4 /* AppDelegate+Login.swift */ = {isa = PBXFileReference; fileEncoding = 4; lastKnownFileType = sourcecode.swift; path = "AppDelegate+Login.swift"; sourceTree = "<group>"; };
		8E09B6FB1E7BD3EF00009BC4 /* NHLoginWindowController.swift */ = {isa = PBXFileReference; fileEncoding = 4; lastKnownFileType = sourcecode.swift; path = NHLoginWindowController.swift; sourceTree = "<group>"; };
		8E09B6FC1E7BD3EF00009BC4 /* NHLoginWindowController.xib */ = {isa = PBXFileReference; fileEncoding = 4; lastKnownFileType = file.xib; path = NHLoginWindowController.xib; sourceTree = "<group>"; };
		8E09B6FE1E7BD3EF00009BC4 /* LoginBottomView.swift */ = {isa = PBXFileReference; fileEncoding = 4; lastKnownFileType = sourcecode.swift; path = LoginBottomView.swift; sourceTree = "<group>"; };
		8E09B6FF1E7BD3EF00009BC4 /* LoginBottomView.xib */ = {isa = PBXFileReference; fileEncoding = 4; lastKnownFileType = file.xib; path = LoginBottomView.xib; sourceTree = "<group>"; };
		8E11BDB31E90C6420029A7EB /* APIRouter.swift */ = {isa = PBXFileReference; fileEncoding = 4; lastKnownFileType = sourcecode.swift; path = APIRouter.swift; sourceTree = "<group>"; };
		8E11BDB61E9107900029A7EB /* IMLoginAPI.swift */ = {isa = PBXFileReference; fileEncoding = 4; lastKnownFileType = sourcecode.swift; path = IMLoginAPI.swift; sourceTree = "<group>"; };
		8E11BDB81E9107D70029A7EB /* ApiProtocol.swift */ = {isa = PBXFileReference; fileEncoding = 4; lastKnownFileType = sourcecode.swift; path = ApiProtocol.swift; sourceTree = "<group>"; };
		8E11BDBB1E914F310029A7EB /* IMChatMob.swift */ = {isa = PBXFileReference; fileEncoding = 4; lastKnownFileType = sourcecode.swift; path = IMChatMob.swift; sourceTree = "<group>"; };
		8E11BDBE1E914FBD0029A7EB /* IMloginProtocol.swift */ = {isa = PBXFileReference; fileEncoding = 4; lastKnownFileType = sourcecode.swift; path = IMloginProtocol.swift; sourceTree = "<group>"; };
		8E11BDC01E9150160029A7EB /* IMLoginManager.swift */ = {isa = PBXFileReference; fileEncoding = 4; lastKnownFileType = sourcecode.swift; path = IMLoginManager.swift; sourceTree = "<group>"; };
		8E11BDC21E91FAA70029A7EB /* SendBuffer.swift */ = {isa = PBXFileReference; fileEncoding = 4; lastKnownFileType = sourcecode.swift; path = SendBuffer.swift; sourceTree = "<group>"; };
		8E11BDC41E9216910029A7EB /* ConnectTcpManager.swift */ = {isa = PBXFileReference; fileEncoding = 4; lastKnownFileType = sourcecode.swift; path = ConnectTcpManager.swift; sourceTree = "<group>"; };
		8E11BDC61E9228F80029A7EB /* DataOutputStream.swift */ = {isa = PBXFileReference; fileEncoding = 4; lastKnownFileType = sourcecode.swift; path = DataOutputStream.swift; sourceTree = "<group>"; };
		8E203A311E7CDDE100AABB87 /* InterfaceDefine.swift */ = {isa = PBXFileReference; fileEncoding = 4; lastKnownFileType = sourcecode.swift; path = InterfaceDefine.swift; sourceTree = "<group>"; };
		8E8F7A1E1E8FADA800B061E4 /* IM.BaseDefine.proto */ = {isa = PBXFileReference; fileEncoding = 4; lastKnownFileType = text; path = IM.BaseDefine.proto; sourceTree = "<group>"; };
		8E8F7A1F1E8FADA800B061E4 /* IM.Login.proto */ = {isa = PBXFileReference; fileEncoding = 4; lastKnownFileType = text; path = IM.Login.proto; sourceTree = "<group>"; };
		8E8F7A201E8FADA800B061E4 /* IM.Message.proto */ = {isa = PBXFileReference; fileEncoding = 4; lastKnownFileType = text; path = IM.Message.proto; sourceTree = "<group>"; };
		8E8F7A211E8FADA800B061E4 /* IM.Other.proto */ = {isa = PBXFileReference; fileEncoding = 4; lastKnownFileType = text; path = IM.Other.proto; sourceTree = "<group>"; };
		8E8F7A221E8FADA800B061E4 /* ImBaseDefine.pbobjc.h */ = {isa = PBXFileReference; fileEncoding = 4; lastKnownFileType = sourcecode.c.h; path = ImBaseDefine.pbobjc.h; sourceTree = "<group>"; };
		8E8F7A231E8FADA800B061E4 /* ImBaseDefine.pbobjc.m */ = {isa = PBXFileReference; fileEncoding = 4; lastKnownFileType = sourcecode.c.objc; path = ImBaseDefine.pbobjc.m; sourceTree = "<group>"; };
		8E8F7A241E8FADA800B061E4 /* ImLogin.pbobjc.h */ = {isa = PBXFileReference; fileEncoding = 4; lastKnownFileType = sourcecode.c.h; path = ImLogin.pbobjc.h; sourceTree = "<group>"; };
		8E8F7A251E8FADA800B061E4 /* ImLogin.pbobjc.m */ = {isa = PBXFileReference; fileEncoding = 4; lastKnownFileType = sourcecode.c.objc; path = ImLogin.pbobjc.m; sourceTree = "<group>"; };
		8E8F7A261E8FADA800B061E4 /* ImMessage.pbobjc.h */ = {isa = PBXFileReference; fileEncoding = 4; lastKnownFileType = sourcecode.c.h; path = ImMessage.pbobjc.h; sourceTree = "<group>"; };
		8E8F7A271E8FADA800B061E4 /* ImMessage.pbobjc.m */ = {isa = PBXFileReference; fileEncoding = 4; lastKnownFileType = sourcecode.c.objc; path = ImMessage.pbobjc.m; sourceTree = "<group>"; };
		8E8F7A281E8FADA900B061E4 /* ImOther.pbobjc.h */ = {isa = PBXFileReference; fileEncoding = 4; lastKnownFileType = sourcecode.c.h; path = ImOther.pbobjc.h; sourceTree = "<group>"; };
		8E8F7A291E8FADA900B061E4 /* ImOther.pbobjc.m */ = {isa = PBXFileReference; fileEncoding = 4; lastKnownFileType = sourcecode.c.objc; path = ImOther.pbobjc.m; sourceTree = "<group>"; };
		8E8F7A2B1E8FADA900B061E4 /* generate_well_known_types.sh */ = {isa = PBXFileReference; fileEncoding = 4; lastKnownFileType = text.script.sh; path = generate_well_known_types.sh; sourceTree = "<group>"; };
		8E8F7A2E1E8FADA900B061E4 /* Any.pbobjc.h */ = {isa = PBXFileReference; fileEncoding = 4; lastKnownFileType = sourcecode.c.h; path = Any.pbobjc.h; sourceTree = "<group>"; };
		8E8F7A2F1E8FADA900B061E4 /* Any.pbobjc.m */ = {isa = PBXFileReference; fileEncoding = 4; lastKnownFileType = sourcecode.c.objc; path = Any.pbobjc.m; sourceTree = "<group>"; };
		8E8F7A301E8FADA900B061E4 /* Api.pbobjc.h */ = {isa = PBXFileReference; fileEncoding = 4; lastKnownFileType = sourcecode.c.h; path = Api.pbobjc.h; sourceTree = "<group>"; };
		8E8F7A311E8FADA900B061E4 /* Api.pbobjc.m */ = {isa = PBXFileReference; fileEncoding = 4; lastKnownFileType = sourcecode.c.objc; path = Api.pbobjc.m; sourceTree = "<group>"; };
		8E8F7A321E8FADA900B061E4 /* Duration.pbobjc.h */ = {isa = PBXFileReference; fileEncoding = 4; lastKnownFileType = sourcecode.c.h; path = Duration.pbobjc.h; sourceTree = "<group>"; };
		8E8F7A331E8FADA900B061E4 /* Duration.pbobjc.m */ = {isa = PBXFileReference; fileEncoding = 4; lastKnownFileType = sourcecode.c.objc; path = Duration.pbobjc.m; sourceTree = "<group>"; };
		8E8F7A341E8FADA900B061E4 /* Empty.pbobjc.h */ = {isa = PBXFileReference; fileEncoding = 4; lastKnownFileType = sourcecode.c.h; path = Empty.pbobjc.h; sourceTree = "<group>"; };
		8E8F7A351E8FADA900B061E4 /* Empty.pbobjc.m */ = {isa = PBXFileReference; fileEncoding = 4; lastKnownFileType = sourcecode.c.objc; path = Empty.pbobjc.m; sourceTree = "<group>"; };
		8E8F7A361E8FADA900B061E4 /* FieldMask.pbobjc.h */ = {isa = PBXFileReference; fileEncoding = 4; lastKnownFileType = sourcecode.c.h; path = FieldMask.pbobjc.h; sourceTree = "<group>"; };
		8E8F7A371E8FADA900B061E4 /* FieldMask.pbobjc.m */ = {isa = PBXFileReference; fileEncoding = 4; lastKnownFileType = sourcecode.c.objc; path = FieldMask.pbobjc.m; sourceTree = "<group>"; };
		8E8F7A381E8FADA900B061E4 /* SourceContext.pbobjc.h */ = {isa = PBXFileReference; fileEncoding = 4; lastKnownFileType = sourcecode.c.h; path = SourceContext.pbobjc.h; sourceTree = "<group>"; };
		8E8F7A391E8FADA900B061E4 /* SourceContext.pbobjc.m */ = {isa = PBXFileReference; fileEncoding = 4; lastKnownFileType = sourcecode.c.objc; path = SourceContext.pbobjc.m; sourceTree = "<group>"; };
		8E8F7A3A1E8FADA900B061E4 /* Struct.pbobjc.h */ = {isa = PBXFileReference; fileEncoding = 4; lastKnownFileType = sourcecode.c.h; path = Struct.pbobjc.h; sourceTree = "<group>"; };
		8E8F7A3B1E8FADA900B061E4 /* Struct.pbobjc.m */ = {isa = PBXFileReference; fileEncoding = 4; lastKnownFileType = sourcecode.c.objc; path = Struct.pbobjc.m; sourceTree = "<group>"; };
		8E8F7A3C1E8FADA900B061E4 /* Timestamp.pbobjc.h */ = {isa = PBXFileReference; fileEncoding = 4; lastKnownFileType = sourcecode.c.h; path = Timestamp.pbobjc.h; sourceTree = "<group>"; };
		8E8F7A3D1E8FADA900B061E4 /* Timestamp.pbobjc.m */ = {isa = PBXFileReference; fileEncoding = 4; lastKnownFileType = sourcecode.c.objc; path = Timestamp.pbobjc.m; sourceTree = "<group>"; };
		8E8F7A3E1E8FADA900B061E4 /* Type.pbobjc.h */ = {isa = PBXFileReference; fileEncoding = 4; lastKnownFileType = sourcecode.c.h; path = Type.pbobjc.h; sourceTree = "<group>"; };
		8E8F7A3F1E8FADA900B061E4 /* Type.pbobjc.m */ = {isa = PBXFileReference; fileEncoding = 4; lastKnownFileType = sourcecode.c.objc; path = Type.pbobjc.m; sourceTree = "<group>"; };
		8E8F7A401E8FADA900B061E4 /* Wrappers.pbobjc.h */ = {isa = PBXFileReference; fileEncoding = 4; lastKnownFileType = sourcecode.c.h; path = Wrappers.pbobjc.h; sourceTree = "<group>"; };
		8E8F7A411E8FADA900B061E4 /* Wrappers.pbobjc.m */ = {isa = PBXFileReference; fileEncoding = 4; lastKnownFileType = sourcecode.c.objc; path = Wrappers.pbobjc.m; sourceTree = "<group>"; };
		8E8F7A421E8FADA900B061E4 /* GPBArray.h */ = {isa = PBXFileReference; fileEncoding = 4; lastKnownFileType = sourcecode.c.h; path = GPBArray.h; sourceTree = "<group>"; };
		8E8F7A431E8FADA900B061E4 /* GPBArray.m */ = {isa = PBXFileReference; fileEncoding = 4; lastKnownFileType = sourcecode.c.objc; path = GPBArray.m; sourceTree = "<group>"; };
		8E8F7A441E8FADA900B061E4 /* GPBArray_PackagePrivate.h */ = {isa = PBXFileReference; fileEncoding = 4; lastKnownFileType = sourcecode.c.h; path = GPBArray_PackagePrivate.h; sourceTree = "<group>"; };
		8E8F7A451E8FADA900B061E4 /* GPBBootstrap.h */ = {isa = PBXFileReference; fileEncoding = 4; lastKnownFileType = sourcecode.c.h; path = GPBBootstrap.h; sourceTree = "<group>"; };
		8E8F7A461E8FADA900B061E4 /* GPBCodedInputStream.h */ = {isa = PBXFileReference; fileEncoding = 4; lastKnownFileType = sourcecode.c.h; path = GPBCodedInputStream.h; sourceTree = "<group>"; };
		8E8F7A471E8FADA900B061E4 /* GPBCodedInputStream.m */ = {isa = PBXFileReference; fileEncoding = 4; lastKnownFileType = sourcecode.c.objc; path = GPBCodedInputStream.m; sourceTree = "<group>"; };
		8E8F7A481E8FADA900B061E4 /* GPBCodedInputStream_PackagePrivate.h */ = {isa = PBXFileReference; fileEncoding = 4; lastKnownFileType = sourcecode.c.h; path = GPBCodedInputStream_PackagePrivate.h; sourceTree = "<group>"; };
		8E8F7A491E8FADA900B061E4 /* GPBCodedOutputStream.h */ = {isa = PBXFileReference; fileEncoding = 4; lastKnownFileType = sourcecode.c.h; path = GPBCodedOutputStream.h; sourceTree = "<group>"; };
		8E8F7A4A1E8FADA900B061E4 /* GPBCodedOutputStream.m */ = {isa = PBXFileReference; fileEncoding = 4; lastKnownFileType = sourcecode.c.objc; path = GPBCodedOutputStream.m; sourceTree = "<group>"; };
		8E8F7A4B1E8FADA900B061E4 /* GPBCodedOutputStream_PackagePrivate.h */ = {isa = PBXFileReference; fileEncoding = 4; lastKnownFileType = sourcecode.c.h; path = GPBCodedOutputStream_PackagePrivate.h; sourceTree = "<group>"; };
		8E8F7A4C1E8FADA900B061E4 /* GPBDescriptor.h */ = {isa = PBXFileReference; fileEncoding = 4; lastKnownFileType = sourcecode.c.h; path = GPBDescriptor.h; sourceTree = "<group>"; };
		8E8F7A4D1E8FADA900B061E4 /* GPBDescriptor.m */ = {isa = PBXFileReference; fileEncoding = 4; lastKnownFileType = sourcecode.c.objc; path = GPBDescriptor.m; sourceTree = "<group>"; };
		8E8F7A4E1E8FADA900B061E4 /* GPBDescriptor_PackagePrivate.h */ = {isa = PBXFileReference; fileEncoding = 4; lastKnownFileType = sourcecode.c.h; path = GPBDescriptor_PackagePrivate.h; sourceTree = "<group>"; };
		8E8F7A4F1E8FADA900B061E4 /* GPBDictionary.h */ = {isa = PBXFileReference; fileEncoding = 4; lastKnownFileType = sourcecode.c.h; path = GPBDictionary.h; sourceTree = "<group>"; };
		8E8F7A501E8FADA900B061E4 /* GPBDictionary.m */ = {isa = PBXFileReference; fileEncoding = 4; lastKnownFileType = sourcecode.c.objc; path = GPBDictionary.m; sourceTree = "<group>"; };
		8E8F7A511E8FADA900B061E4 /* GPBDictionary_PackagePrivate.h */ = {isa = PBXFileReference; fileEncoding = 4; lastKnownFileType = sourcecode.c.h; path = GPBDictionary_PackagePrivate.h; sourceTree = "<group>"; };
		8E8F7A521E8FADA900B061E4 /* GPBExtensionInternals.h */ = {isa = PBXFileReference; fileEncoding = 4; lastKnownFileType = sourcecode.c.h; path = GPBExtensionInternals.h; sourceTree = "<group>"; };
		8E8F7A531E8FADA900B061E4 /* GPBExtensionInternals.m */ = {isa = PBXFileReference; fileEncoding = 4; lastKnownFileType = sourcecode.c.objc; path = GPBExtensionInternals.m; sourceTree = "<group>"; };
		8E8F7A541E8FADA900B061E4 /* GPBExtensionRegistry.h */ = {isa = PBXFileReference; fileEncoding = 4; lastKnownFileType = sourcecode.c.h; path = GPBExtensionRegistry.h; sourceTree = "<group>"; };
		8E8F7A551E8FADA900B061E4 /* GPBExtensionRegistry.m */ = {isa = PBXFileReference; fileEncoding = 4; lastKnownFileType = sourcecode.c.objc; path = GPBExtensionRegistry.m; sourceTree = "<group>"; };
		8E8F7A561E8FADA900B061E4 /* GPBMessage.h */ = {isa = PBXFileReference; fileEncoding = 4; lastKnownFileType = sourcecode.c.h; path = GPBMessage.h; sourceTree = "<group>"; };
		8E8F7A571E8FADA900B061E4 /* GPBMessage.m */ = {isa = PBXFileReference; fileEncoding = 4; lastKnownFileType = sourcecode.c.objc; path = GPBMessage.m; sourceTree = "<group>"; };
		8E8F7A581E8FADA900B061E4 /* GPBMessage_PackagePrivate.h */ = {isa = PBXFileReference; fileEncoding = 4; lastKnownFileType = sourcecode.c.h; path = GPBMessage_PackagePrivate.h; sourceTree = "<group>"; };
		8E8F7A591E8FADA900B061E4 /* GPBProtocolBuffers.h */ = {isa = PBXFileReference; fileEncoding = 4; lastKnownFileType = sourcecode.c.h; path = GPBProtocolBuffers.h; sourceTree = "<group>"; };
		8E8F7A5A1E8FADA900B061E4 /* GPBProtocolBuffers_RuntimeSupport.h */ = {isa = PBXFileReference; fileEncoding = 4; lastKnownFileType = sourcecode.c.h; path = GPBProtocolBuffers_RuntimeSupport.h; sourceTree = "<group>"; };
		8E8F7A5B1E8FADA900B061E4 /* GPBRootObject.h */ = {isa = PBXFileReference; fileEncoding = 4; lastKnownFileType = sourcecode.c.h; path = GPBRootObject.h; sourceTree = "<group>"; };
		8E8F7A5C1E8FADA900B061E4 /* GPBRootObject.m */ = {isa = PBXFileReference; fileEncoding = 4; lastKnownFileType = sourcecode.c.objc; path = GPBRootObject.m; sourceTree = "<group>"; };
		8E8F7A5D1E8FADA900B061E4 /* GPBRootObject_PackagePrivate.h */ = {isa = PBXFileReference; fileEncoding = 4; lastKnownFileType = sourcecode.c.h; path = GPBRootObject_PackagePrivate.h; sourceTree = "<group>"; };
		8E8F7A5E1E8FADA900B061E4 /* GPBRuntimeTypes.h */ = {isa = PBXFileReference; fileEncoding = 4; lastKnownFileType = sourcecode.c.h; path = GPBRuntimeTypes.h; sourceTree = "<group>"; };
		8E8F7A5F1E8FADA900B061E4 /* GPBUnknownField.h */ = {isa = PBXFileReference; fileEncoding = 4; lastKnownFileType = sourcecode.c.h; path = GPBUnknownField.h; sourceTree = "<group>"; };
		8E8F7A601E8FADA900B061E4 /* GPBUnknownField.m */ = {isa = PBXFileReference; fileEncoding = 4; lastKnownFileType = sourcecode.c.objc; path = GPBUnknownField.m; sourceTree = "<group>"; };
		8E8F7A611E8FADA900B061E4 /* GPBUnknownField_PackagePrivate.h */ = {isa = PBXFileReference; fileEncoding = 4; lastKnownFileType = sourcecode.c.h; path = GPBUnknownField_PackagePrivate.h; sourceTree = "<group>"; };
		8E8F7A621E8FADA900B061E4 /* GPBUnknownFieldSet.h */ = {isa = PBXFileReference; fileEncoding = 4; lastKnownFileType = sourcecode.c.h; path = GPBUnknownFieldSet.h; sourceTree = "<group>"; };
		8E8F7A631E8FADA900B061E4 /* GPBUnknownFieldSet.m */ = {isa = PBXFileReference; fileEncoding = 4; lastKnownFileType = sourcecode.c.objc; path = GPBUnknownFieldSet.m; sourceTree = "<group>"; };
		8E8F7A641E8FADA900B061E4 /* GPBUnknownFieldSet_PackagePrivate.h */ = {isa = PBXFileReference; fileEncoding = 4; lastKnownFileType = sourcecode.c.h; path = GPBUnknownFieldSet_PackagePrivate.h; sourceTree = "<group>"; };
		8E8F7A651E8FADA900B061E4 /* GPBUtilities.h */ = {isa = PBXFileReference; fileEncoding = 4; lastKnownFileType = sourcecode.c.h; path = GPBUtilities.h; sourceTree = "<group>"; };
		8E8F7A661E8FADA900B061E4 /* GPBUtilities.m */ = {isa = PBXFileReference; fileEncoding = 4; lastKnownFileType = sourcecode.c.objc; path = GPBUtilities.m; sourceTree = "<group>"; };
		8E8F7A671E8FADA900B061E4 /* GPBUtilities_PackagePrivate.h */ = {isa = PBXFileReference; fileEncoding = 4; lastKnownFileType = sourcecode.c.h; path = GPBUtilities_PackagePrivate.h; sourceTree = "<group>"; };
		8E8F7A681E8FADA900B061E4 /* GPBWellKnownTypes.h */ = {isa = PBXFileReference; fileEncoding = 4; lastKnownFileType = sourcecode.c.h; path = GPBWellKnownTypes.h; sourceTree = "<group>"; };
		8E8F7A691E8FADA900B061E4 /* GPBWellKnownTypes.m */ = {isa = PBXFileReference; fileEncoding = 4; lastKnownFileType = sourcecode.c.objc; path = GPBWellKnownTypes.m; sourceTree = "<group>"; };
		8E8F7A6A1E8FADA900B061E4 /* GPBWireFormat.h */ = {isa = PBXFileReference; fileEncoding = 4; lastKnownFileType = sourcecode.c.h; path = GPBWireFormat.h; sourceTree = "<group>"; };
		8E8F7A6B1E8FADA900B061E4 /* GPBWireFormat.m */ = {isa = PBXFileReference; fileEncoding = 4; lastKnownFileType = sourcecode.c.objc; path = GPBWireFormat.m; sourceTree = "<group>"; };
		8E8F7A6C1E8FADA900B061E4 /* README.md */ = {isa = PBXFileReference; fileEncoding = 4; lastKnownFileType = net.daringfireball.markdown; path = README.md; sourceTree = "<group>"; };
		8E8F7A901E8FB3D000B061E4 /* TcpManager.swift */ = {isa = PBXFileReference; fileEncoding = 4; lastKnownFileType = sourcecode.swift; path = TcpManager.swift; sourceTree = "<group>"; };
		8E8F7A921E900C3E00B061E4 /* DataInputStream.swift */ = {isa = PBXFileReference; fileEncoding = 4; lastKnownFileType = sourcecode.swift; path = DataInputStream.swift; sourceTree = "<group>"; };
		8E8F7A941E90157300B061E4 /* SwiftKit.swift */ = {isa = PBXFileReference; fileEncoding = 4; lastKnownFileType = sourcecode.swift; path = SwiftKit.swift; sourceTree = "<group>"; };
		8E9FBD841E7EDEE6001B87BA /* MainWindowController.storyboard */ = {isa = PBXFileReference; fileEncoding = 4; lastKnownFileType = file.storyboard; path = MainWindowController.storyboard; sourceTree = "<group>"; };
		8E9FBD851E7EDEE6001B87BA /* MainWindowController.swift */ = {isa = PBXFileReference; fileEncoding = 4; lastKnownFileType = sourcecode.swift; path = MainWindowController.swift; sourceTree = "<group>"; };
		8E9FBDAC1E7F8F9A001B87BA /* NHRequest.swift */ = {isa = PBXFileReference; fileEncoding = 4; lastKnownFileType = sourcecode.swift; path = NHRequest.swift; sourceTree = "<group>"; };
		8E9FBDAF1E7FA7F5001B87BA /* ModelProtocol.swift */ = {isa = PBXFileReference; fileEncoding = 4; lastKnownFileType = sourcecode.swift; path = ModelProtocol.swift; sourceTree = "<group>"; };
		8E9FBDB11E7FA812001B87BA /* LoginModel.swift */ = {isa = PBXFileReference; fileEncoding = 4; lastKnownFileType = sourcecode.swift; path = LoginModel.swift; sourceTree = "<group>"; };
		8E9FBDB31E7FB43C001B87BA /* BaseModel.swift */ = {isa = PBXFileReference; fileEncoding = 4; lastKnownFileType = sourcecode.swift; path = BaseModel.swift; sourceTree = "<group>"; };
		8E9FBDB51E802CDA001B87BA /* NHLoginTool.swift */ = {isa = PBXFileReference; fileEncoding = 4; lastKnownFileType = sourcecode.swift; path = NHLoginTool.swift; sourceTree = "<group>"; };
		8E9FBDB71E8035CB001B87BA /* MacOs-YunIM-Bridging-Header.h */ = {isa = PBXFileReference; lastKnownFileType = sourcecode.c.h; path = "MacOs-YunIM-Bridging-Header.h"; sourceTree = "<group>"; };
		8E9FBDBB1E8038DF001B87BA /* UserPofile.swift */ = {isa = PBXFileReference; fileEncoding = 4; lastKnownFileType = sourcecode.swift; path = UserPofile.swift; sourceTree = "<group>"; };
		8E9FBDBD1E8041EC001B87BA /* MainLeftController.swift */ = {isa = PBXFileReference; fileEncoding = 4; lastKnownFileType = sourcecode.swift; path = MainLeftController.swift; sourceTree = "<group>"; };
		8E9FBDBF1E805684001B87BA /* MainSessionListController.swift */ = {isa = PBXFileReference; fileEncoding = 4; lastKnownFileType = sourcecode.swift; path = MainSessionListController.swift; sourceTree = "<group>"; };
		8EEA36DC1E80591C0098438D /* MainSessionItem.swift */ = {isa = PBXFileReference; fileEncoding = 4; lastKnownFileType = sourcecode.swift; path = MainSessionItem.swift; sourceTree = "<group>"; };
		8EEA36DD1E80591C0098438D /* MainSessionItem.xib */ = {isa = PBXFileReference; fileEncoding = 4; lastKnownFileType = file.xib; path = MainSessionItem.xib; sourceTree = "<group>"; };
		911095FF1EA7529D00CF941B /* MainRightChatController.swift */ = {isa = PBXFileReference; fileEncoding = 4; lastKnownFileType = sourcecode.swift; path = MainRightChatController.swift; sourceTree = "<group>"; };
		EB0278F3E3FCED4FFAA9E33F /* Pods_MacOs_YunIM.framework */ = {isa = PBXFileReference; explicitFileType = wrapper.framework; includeInIndex = 0; path = Pods_MacOs_YunIM.framework; sourceTree = BUILT_PRODUCTS_DIR; };
/* End PBXFileReference section */

/* Begin PBXFrameworksBuildPhase section */
		8E09B6E41E7BD3C700009BC4 /* Frameworks */ = {
			isa = PBXFrameworksBuildPhase;
			buildActionMask = 2147483647;
			files = (
				87F08AE0C504F1A83AA91F33 /* Pods_MacOs_YunIM.framework in Frameworks */,
			);
			runOnlyForDeploymentPostprocessing = 0;
		};
/* End PBXFrameworksBuildPhase section */

/* Begin PBXGroup section */
		51E239312D5B6AE865169E63 /* Frameworks */ = {
			isa = PBXGroup;
			children = (
				EB0278F3E3FCED4FFAA9E33F /* Pods_MacOs_YunIM.framework */,
			);
			name = Frameworks;
			sourceTree = "<group>";
		};
		8E09B6DE1E7BD3C700009BC4 = {
			isa = PBXGroup;
			children = (
				8E09B6E91E7BD3C700009BC4 /* MacOs-YunIM */,
				8E09B6E81E7BD3C700009BC4 /* Products */,
				D5BB912838E7A5BD9B6EDB02 /* Pods */,
				51E239312D5B6AE865169E63 /* Frameworks */,
			);
			sourceTree = "<group>";
		};
		8E09B6E81E7BD3C700009BC4 /* Products */ = {
			isa = PBXGroup;
			children = (
				8E09B6E71E7BD3C700009BC4 /* MacOs-YunIM.app */,
			);
			name = Products;
			sourceTree = "<group>";
		};
		8E09B6E91E7BD3C700009BC4 /* MacOs-YunIM */ = {
			isa = PBXGroup;
			children = (
				8E09B6EA1E7BD3C700009BC4 /* AppDelegate.swift */,
				8E09B6F71E7BD3E300009BC4 /* AppDelegate+Login.swift */,
				8E09B6F91E7BD3EF00009BC4 /* Login */,
				8E9FBD831E7EDEE6001B87BA /* IMMain */,
				8E8F7A1C1E8FAD1200B061E4 /* IMTool */,
				8E203A2E1E7CDD5A00AABB87 /* Tool */,
				8E09B6EC1E7BD3C700009BC4 /* Assets.xcassets */,
				8E09B6EE1E7BD3C700009BC4 /* MainMenu.xib */,
				8E09B6F11E7BD3C700009BC4 /* Info.plist */,
				8E9FBDB71E8035CB001B87BA /* MacOs-YunIM-Bridging-Header.h */,
			);
			path = "MacOs-YunIM";
			sourceTree = "<group>";
		};
		8E09B6F91E7BD3EF00009BC4 /* Login */ = {
			isa = PBXGroup;
			children = (
				8E09B6FA1E7BD3EF00009BC4 /* Controller */,
				8E09B6FD1E7BD3EF00009BC4 /* View */,
			);
			path = Login;
			sourceTree = "<group>";
		};
		8E09B6FA1E7BD3EF00009BC4 /* Controller */ = {
			isa = PBXGroup;
			children = (
				8E9FBDB51E802CDA001B87BA /* NHLoginTool.swift */,
				8E09B6FB1E7BD3EF00009BC4 /* NHLoginWindowController.swift */,
				8E09B6FC1E7BD3EF00009BC4 /* NHLoginWindowController.xib */,
			);
			path = Controller;
			sourceTree = "<group>";
		};
		8E09B6FD1E7BD3EF00009BC4 /* View */ = {
			isa = PBXGroup;
			children = (
				8E09B6FE1E7BD3EF00009BC4 /* LoginBottomView.swift */,
				8E09B6FF1E7BD3EF00009BC4 /* LoginBottomView.xib */,
			);
			path = View;
			sourceTree = "<group>";
		};
		8E11BDB51E9100E40029A7EB /* BusinessAPI */ = {
			isa = PBXGroup;
			children = (
				8E11BDB81E9107D70029A7EB /* ApiProtocol.swift */,
				8E11BDB61E9107900029A7EB /* IMLoginAPI.swift */,
			);
			path = BusinessAPI;
			sourceTree = "<group>";
		};
		8E11BDBA1E914EF90029A7EB /* IMBusiness */ = {
			isa = PBXGroup;
			children = (
				8E11BDBD1E914FA50029A7EB /* Login */,
				8E11BDBB1E914F310029A7EB /* IMChatMob.swift */,
			);
			path = IMBusiness;
			sourceTree = "<group>";
		};
		8E11BDBD1E914FA50029A7EB /* Login */ = {
			isa = PBXGroup;
			children = (
				8E11BDBE1E914FBD0029A7EB /* IMloginProtocol.swift */,
				8E11BDC01E9150160029A7EB /* IMLoginManager.swift */,
				8E11BDC41E9216910029A7EB /* ConnectTcpManager.swift */,
			);
			path = Login;
			sourceTree = "<group>";
		};
		8E203A2E1E7CDD5A00AABB87 /* Tool */ = {
			isa = PBXGroup;
			children = (
				8E9FBDAE1E7FA7EB001B87BA /* BaseModel */,
				8E203A301E7CDDC000AABB87 /* NetWork */,
				8E203A2F1E7CDD5A00AABB87 /* Category */,
			);
			path = Tool;
			sourceTree = "<group>";
		};
		8E203A2F1E7CDD5A00AABB87 /* Category */ = {
			isa = PBXGroup;
			children = (
				8E8F7A941E90157300B061E4 /* SwiftKit.swift */,
			);
			path = Category;
			sourceTree = "<group>";
		};
		8E203A301E7CDDC000AABB87 /* NetWork */ = {
			isa = PBXGroup;
			children = (
				8E203A311E7CDDE100AABB87 /* InterfaceDefine.swift */,
				8E9FBDAC1E7F8F9A001B87BA /* NHRequest.swift */,
			);
			path = NetWork;
			sourceTree = "<group>";
		};
		8E8F7A1C1E8FAD1200B061E4 /* IMTool */ = {
			isa = PBXGroup;
			children = (
				8E8F7A8F1E8FB37200B061E4 /* TCPManager */,
				8E11BDB51E9100E40029A7EB /* BusinessAPI */,
				8E8F7A1D1E8FADA800B061E4 /* Protobuf */,
				8E11BDBA1E914EF90029A7EB /* IMBusiness */,
			);
			path = IMTool;
			sourceTree = "<group>";
		};
		8E8F7A1D1E8FADA800B061E4 /* Protobuf */ = {
			isa = PBXGroup;
			children = (
				8E8F7A1E1E8FADA800B061E4 /* IM.BaseDefine.proto */,
				8E8F7A1F1E8FADA800B061E4 /* IM.Login.proto */,
				8E8F7A201E8FADA800B061E4 /* IM.Message.proto */,
				8E8F7A211E8FADA800B061E4 /* IM.Other.proto */,
				8E8F7A221E8FADA800B061E4 /* ImBaseDefine.pbobjc.h */,
				8E8F7A231E8FADA800B061E4 /* ImBaseDefine.pbobjc.m */,
				8E8F7A241E8FADA800B061E4 /* ImLogin.pbobjc.h */,
				8E8F7A251E8FADA800B061E4 /* ImLogin.pbobjc.m */,
				8E8F7A261E8FADA800B061E4 /* ImMessage.pbobjc.h */,
				8E8F7A271E8FADA800B061E4 /* ImMessage.pbobjc.m */,
				8E8F7A281E8FADA900B061E4 /* ImOther.pbobjc.h */,
				8E8F7A291E8FADA900B061E4 /* ImOther.pbobjc.m */,
				8E8F7A2A1E8FADA900B061E4 /* objectivec */,
			);
			path = Protobuf;
			sourceTree = "<group>";
		};
		8E8F7A2A1E8FADA900B061E4 /* objectivec */ = {
			isa = PBXGroup;
			children = (
				8E8F7A2B1E8FADA900B061E4 /* generate_well_known_types.sh */,
				8E8F7A2C1E8FADA900B061E4 /* google */,
				8E8F7A421E8FADA900B061E4 /* GPBArray.h */,
				8E8F7A431E8FADA900B061E4 /* GPBArray.m */,
				8E8F7A441E8FADA900B061E4 /* GPBArray_PackagePrivate.h */,
				8E8F7A451E8FADA900B061E4 /* GPBBootstrap.h */,
				8E8F7A461E8FADA900B061E4 /* GPBCodedInputStream.h */,
				8E8F7A471E8FADA900B061E4 /* GPBCodedInputStream.m */,
				8E8F7A481E8FADA900B061E4 /* GPBCodedInputStream_PackagePrivate.h */,
				8E8F7A491E8FADA900B061E4 /* GPBCodedOutputStream.h */,
				8E8F7A4A1E8FADA900B061E4 /* GPBCodedOutputStream.m */,
				8E8F7A4B1E8FADA900B061E4 /* GPBCodedOutputStream_PackagePrivate.h */,
				8E8F7A4C1E8FADA900B061E4 /* GPBDescriptor.h */,
				8E8F7A4D1E8FADA900B061E4 /* GPBDescriptor.m */,
				8E8F7A4E1E8FADA900B061E4 /* GPBDescriptor_PackagePrivate.h */,
				8E8F7A4F1E8FADA900B061E4 /* GPBDictionary.h */,
				8E8F7A501E8FADA900B061E4 /* GPBDictionary.m */,
				8E8F7A511E8FADA900B061E4 /* GPBDictionary_PackagePrivate.h */,
				8E8F7A521E8FADA900B061E4 /* GPBExtensionInternals.h */,
				8E8F7A531E8FADA900B061E4 /* GPBExtensionInternals.m */,
				8E8F7A541E8FADA900B061E4 /* GPBExtensionRegistry.h */,
				8E8F7A551E8FADA900B061E4 /* GPBExtensionRegistry.m */,
				8E8F7A561E8FADA900B061E4 /* GPBMessage.h */,
				8E8F7A571E8FADA900B061E4 /* GPBMessage.m */,
				8E8F7A581E8FADA900B061E4 /* GPBMessage_PackagePrivate.h */,
				8E8F7A591E8FADA900B061E4 /* GPBProtocolBuffers.h */,
				8E8F7A5A1E8FADA900B061E4 /* GPBProtocolBuffers_RuntimeSupport.h */,
				8E8F7A5B1E8FADA900B061E4 /* GPBRootObject.h */,
				8E8F7A5C1E8FADA900B061E4 /* GPBRootObject.m */,
				8E8F7A5D1E8FADA900B061E4 /* GPBRootObject_PackagePrivate.h */,
				8E8F7A5E1E8FADA900B061E4 /* GPBRuntimeTypes.h */,
				8E8F7A5F1E8FADA900B061E4 /* GPBUnknownField.h */,
				8E8F7A601E8FADA900B061E4 /* GPBUnknownField.m */,
				8E8F7A611E8FADA900B061E4 /* GPBUnknownField_PackagePrivate.h */,
				8E8F7A621E8FADA900B061E4 /* GPBUnknownFieldSet.h */,
				8E8F7A631E8FADA900B061E4 /* GPBUnknownFieldSet.m */,
				8E8F7A641E8FADA900B061E4 /* GPBUnknownFieldSet_PackagePrivate.h */,
				8E8F7A651E8FADA900B061E4 /* GPBUtilities.h */,
				8E8F7A661E8FADA900B061E4 /* GPBUtilities.m */,
				8E8F7A671E8FADA900B061E4 /* GPBUtilities_PackagePrivate.h */,
				8E8F7A681E8FADA900B061E4 /* GPBWellKnownTypes.h */,
				8E8F7A691E8FADA900B061E4 /* GPBWellKnownTypes.m */,
				8E8F7A6A1E8FADA900B061E4 /* GPBWireFormat.h */,
				8E8F7A6B1E8FADA900B061E4 /* GPBWireFormat.m */,
				8E8F7A6C1E8FADA900B061E4 /* README.md */,
			);
			path = objectivec;
			sourceTree = "<group>";
		};
		8E8F7A2C1E8FADA900B061E4 /* google */ = {
			isa = PBXGroup;
			children = (
				8E8F7A2D1E8FADA900B061E4 /* protobuf */,
			);
			path = google;
			sourceTree = "<group>";
		};
		8E8F7A2D1E8FADA900B061E4 /* protobuf */ = {
			isa = PBXGroup;
			children = (
				8E8F7A2E1E8FADA900B061E4 /* Any.pbobjc.h */,
				8E8F7A2F1E8FADA900B061E4 /* Any.pbobjc.m */,
				8E8F7A301E8FADA900B061E4 /* Api.pbobjc.h */,
				8E8F7A311E8FADA900B061E4 /* Api.pbobjc.m */,
				8E8F7A321E8FADA900B061E4 /* Duration.pbobjc.h */,
				8E8F7A331E8FADA900B061E4 /* Duration.pbobjc.m */,
				8E8F7A341E8FADA900B061E4 /* Empty.pbobjc.h */,
				8E8F7A351E8FADA900B061E4 /* Empty.pbobjc.m */,
				8E8F7A361E8FADA900B061E4 /* FieldMask.pbobjc.h */,
				8E8F7A371E8FADA900B061E4 /* FieldMask.pbobjc.m */,
				8E8F7A381E8FADA900B061E4 /* SourceContext.pbobjc.h */,
				8E8F7A391E8FADA900B061E4 /* SourceContext.pbobjc.m */,
				8E8F7A3A1E8FADA900B061E4 /* Struct.pbobjc.h */,
				8E8F7A3B1E8FADA900B061E4 /* Struct.pbobjc.m */,
				8E8F7A3C1E8FADA900B061E4 /* Timestamp.pbobjc.h */,
				8E8F7A3D1E8FADA900B061E4 /* Timestamp.pbobjc.m */,
				8E8F7A3E1E8FADA900B061E4 /* Type.pbobjc.h */,
				8E8F7A3F1E8FADA900B061E4 /* Type.pbobjc.m */,
				8E8F7A401E8FADA900B061E4 /* Wrappers.pbobjc.h */,
				8E8F7A411E8FADA900B061E4 /* Wrappers.pbobjc.m */,
			);
			path = protobuf;
			sourceTree = "<group>";
		};
		8E8F7A8F1E8FB37200B061E4 /* TCPManager */ = {
			isa = PBXGroup;
			children = (
				8E8F7A901E8FB3D000B061E4 /* TcpManager.swift */,
				8E11BDB31E90C6420029A7EB /* APIRouter.swift */,
				8E8F7A921E900C3E00B061E4 /* DataInputStream.swift */,
				8E11BDC61E9228F80029A7EB /* DataOutputStream.swift */,
				8E11BDC21E91FAA70029A7EB /* SendBuffer.swift */,
			);
			path = TCPManager;
			sourceTree = "<group>";
		};
		8E9FBD831E7EDEE6001B87BA /* IMMain */ = {
			isa = PBXGroup;
			children = (
				8E9FBD851E7EDEE6001B87BA /* MainWindowController.swift */,
				8E9FBD841E7EDEE6001B87BA /* MainWindowController.storyboard */,
				8E9FBDBD1E8041EC001B87BA /* MainLeftController.swift */,
				8E9FBDBF1E805684001B87BA /* MainSessionListController.swift */,
				8EEA36DC1E80591C0098438D /* MainSessionItem.swift */,
				8EEA36DD1E80591C0098438D /* MainSessionItem.xib */,
				911095FF1EA7529D00CF941B /* MainRightChatController.swift */,
			);
			path = IMMain;
			sourceTree = "<group>";
		};
		8E9FBDAE1E7FA7EB001B87BA /* BaseModel */ = {
			isa = PBXGroup;
			children = (
				8E9FBDAF1E7FA7F5001B87BA /* ModelProtocol.swift */,
				8E9FBDB31E7FB43C001B87BA /* BaseModel.swift */,
				8E9FBDB11E7FA812001B87BA /* LoginModel.swift */,
				8E9FBDBB1E8038DF001B87BA /* UserPofile.swift */,
			);
			path = BaseModel;
			sourceTree = "<group>";
		};
		D5BB912838E7A5BD9B6EDB02 /* Pods */ = {
			isa = PBXGroup;
			children = (
				63292AE3F821849537F39D54 /* Pods-MacOs-YunIM.debug.xcconfig */,
				020E92223CAE9C3671289CFD /* Pods-MacOs-YunIM.release.xcconfig */,
			);
			name = Pods;
			sourceTree = "<group>";
		};
/* End PBXGroup section */

/* Begin PBXNativeTarget section */
		8E09B6E61E7BD3C700009BC4 /* MacOs-YunIM */ = {
			isa = PBXNativeTarget;
			buildConfigurationList = 8E09B6F41E7BD3C700009BC4 /* Build configuration list for PBXNativeTarget "MacOs-YunIM" */;
			buildPhases = (
				4EA4226B7C4CE3AEA7F14373 /* [CP] Check Pods Manifest.lock */,
				8E09B6E31E7BD3C700009BC4 /* Sources */,
				8E09B6E41E7BD3C700009BC4 /* Frameworks */,
				8E09B6E51E7BD3C700009BC4 /* Resources */,
				D52350C3E1AD4D2A5DE52310 /* [CP] Embed Pods Frameworks */,
				E92A14145A06889A70A5C944 /* [CP] Copy Pods Resources */,
			);
			buildRules = (
			);
			dependencies = (
			);
			name = "MacOs-YunIM";
			productName = "MacOs-YunIM";
			productReference = 8E09B6E71E7BD3C700009BC4 /* MacOs-YunIM.app */;
			productType = "com.apple.product-type.application";
		};
/* End PBXNativeTarget section */

/* Begin PBXProject section */
		8E09B6DF1E7BD3C700009BC4 /* Project object */ = {
			isa = PBXProject;
			attributes = {
				LastSwiftUpdateCheck = 0820;
				LastUpgradeCheck = 0820;
				ORGANIZATIONNAME = Niu;
				TargetAttributes = {
					8E09B6E61E7BD3C700009BC4 = {
						CreatedOnToolsVersion = 8.2.1;
						LastSwiftMigration = 0820;
						ProvisioningStyle = Automatic;
					};
				};
			};
			buildConfigurationList = 8E09B6E21E7BD3C700009BC4 /* Build configuration list for PBXProject "MacOs-YunIM" */;
			compatibilityVersion = "Xcode 3.2";
			developmentRegion = English;
			hasScannedForEncodings = 0;
			knownRegions = (
				en,
				Base,
			);
			mainGroup = 8E09B6DE1E7BD3C700009BC4;
			productRefGroup = 8E09B6E81E7BD3C700009BC4 /* Products */;
			projectDirPath = "";
			projectRoot = "";
			targets = (
				8E09B6E61E7BD3C700009BC4 /* MacOs-YunIM */,
			);
		};
/* End PBXProject section */

/* Begin PBXResourcesBuildPhase section */
		8E09B6E51E7BD3C700009BC4 /* Resources */ = {
			isa = PBXResourcesBuildPhase;
			buildActionMask = 2147483647;
			files = (
				8E8F7A6D1E8FADA900B061E4 /* IM.BaseDefine.proto in Resources */,
				8EEA36DF1E80591C0098438D /* MainSessionItem.xib in Resources */,
				8E09B6ED1E7BD3C700009BC4 /* Assets.xcassets in Resources */,
				8E8F7A6F1E8FADA900B061E4 /* IM.Message.proto in Resources */,
				8E09B7031E7BD3EF00009BC4 /* LoginBottomView.xib in Resources */,
				8E09B6F01E7BD3C700009BC4 /* MainMenu.xib in Resources */,
				8E8F7A701E8FADA900B061E4 /* IM.Other.proto in Resources */,
				8E8F7A751E8FADA900B061E4 /* generate_well_known_types.sh in Resources */,
				8E8F7A6E1E8FADA900B061E4 /* IM.Login.proto in Resources */,
				8E9FBD861E7EDEE6001B87BA /* MainWindowController.storyboard in Resources */,
				8E09B7011E7BD3EF00009BC4 /* NHLoginWindowController.xib in Resources */,
			);
			runOnlyForDeploymentPostprocessing = 0;
		};
/* End PBXResourcesBuildPhase section */

/* Begin PBXShellScriptBuildPhase section */
		4EA4226B7C4CE3AEA7F14373 /* [CP] Check Pods Manifest.lock */ = {
			isa = PBXShellScriptBuildPhase;
			buildActionMask = 2147483647;
			files = (
			);
			inputPaths = (
			);
			name = "[CP] Check Pods Manifest.lock";
			outputPaths = (
			);
			runOnlyForDeploymentPostprocessing = 0;
			shellPath = /bin/sh;
			shellScript = "diff \"${PODS_ROOT}/../Podfile.lock\" \"${PODS_ROOT}/Manifest.lock\" > /dev/null\nif [ $? != 0 ] ; then\n    # print error to STDERR\n    echo \"error: The sandbox is not in sync with the Podfile.lock. Run 'pod install' or update your CocoaPods installation.\" >&2\n    exit 1\nfi\n";
			showEnvVarsInLog = 0;
		};
		D52350C3E1AD4D2A5DE52310 /* [CP] Embed Pods Frameworks */ = {
			isa = PBXShellScriptBuildPhase;
			buildActionMask = 2147483647;
			files = (
			);
			inputPaths = (
			);
			name = "[CP] Embed Pods Frameworks";
			outputPaths = (
			);
			runOnlyForDeploymentPostprocessing = 0;
			shellPath = /bin/sh;
			shellScript = "\"${SRCROOT}/Pods/Target Support Files/Pods-MacOs-YunIM/Pods-MacOs-YunIM-frameworks.sh\"\n";
			showEnvVarsInLog = 0;
		};
		E92A14145A06889A70A5C944 /* [CP] Copy Pods Resources */ = {
			isa = PBXShellScriptBuildPhase;
			buildActionMask = 2147483647;
			files = (
			);
			inputPaths = (
			);
			name = "[CP] Copy Pods Resources";
			outputPaths = (
			);
			runOnlyForDeploymentPostprocessing = 0;
			shellPath = /bin/sh;
			shellScript = "\"${SRCROOT}/Pods/Target Support Files/Pods-MacOs-YunIM/Pods-MacOs-YunIM-resources.sh\"\n";
			showEnvVarsInLog = 0;
		};
/* End PBXShellScriptBuildPhase section */

/* Begin PBXSourcesBuildPhase section */
		8E09B6E31E7BD3C700009BC4 /* Sources */ = {
			isa = PBXSourcesBuildPhase;
			buildActionMask = 2147483647;
			files = (
				8E8F7A841E8FADA900B061E4 /* GPBDictionary.m in Sources */,
				8E8F7A891E8FADA900B061E4 /* GPBUnknownField.m in Sources */,
				8E11BDB91E9107D70029A7EB /* ApiProtocol.swift in Sources */,
				8E09B6F81E7BD3E300009BC4 /* AppDelegate+Login.swift in Sources */,
				8E9FBDB61E802CDA001B87BA /* NHLoginTool.swift in Sources */,
				8E11BDC11E9150160029A7EB /* IMLoginManager.swift in Sources */,
				8E11BDB71E9107900029A7EB /* IMLoginAPI.swift in Sources */,
				8E8F7A7F1E8FADA900B061E4 /* Wrappers.pbobjc.m in Sources */,
				8E8F7A761E8FADA900B061E4 /* Any.pbobjc.m in Sources */,
				8E8F7A871E8FADA900B061E4 /* GPBMessage.m in Sources */,
				8E8F7A811E8FADA900B061E4 /* GPBCodedInputStream.m in Sources */,
				8E09B7021E7BD3EF00009BC4 /* LoginBottomView.swift in Sources */,
				8E8F7A7A1E8FADA900B061E4 /* FieldMask.pbobjc.m in Sources */,
				8E8F7A931E900C3E00B061E4 /* DataInputStream.swift in Sources */,
				8E8F7A851E8FADA900B061E4 /* GPBExtensionInternals.m in Sources */,
				8E11BDC71E9228F80029A7EB /* DataOutputStream.swift in Sources */,
				8E8F7A731E8FADA900B061E4 /* ImMessage.pbobjc.m in Sources */,
				8E8F7A821E8FADA900B061E4 /* GPBCodedOutputStream.m in Sources */,
				8E8F7A7D1E8FADA900B061E4 /* Timestamp.pbobjc.m in Sources */,
				8E9FBD871E7EDEE6001B87BA /* MainWindowController.swift in Sources */,
				8E9FBDAD1E7F8F9A001B87BA /* NHRequest.swift in Sources */,
				8E11BDC31E91FAA70029A7EB /* SendBuffer.swift in Sources */,
				8E8F7A781E8FADA900B061E4 /* Duration.pbobjc.m in Sources */,
				8E9FBDB41E7FB43C001B87BA /* BaseModel.swift in Sources */,
				8E8F7A8D1E8FADA900B061E4 /* GPBWireFormat.m in Sources */,
				8E9FBDC01E805684001B87BA /* MainSessionListController.swift in Sources */,
				8EEA36DE1E80591C0098438D /* MainSessionItem.swift in Sources */,
				8E11BDBF1E914FBD0029A7EB /* IMloginProtocol.swift in Sources */,
				8E8F7A771E8FADA900B061E4 /* Api.pbobjc.m in Sources */,
				8E8F7A8C1E8FADA900B061E4 /* GPBWellKnownTypes.m in Sources */,
				8E8F7A861E8FADA900B061E4 /* GPBExtensionRegistry.m in Sources */,
				8E8F7A7C1E8FADA900B061E4 /* Struct.pbobjc.m in Sources */,
				8E8F7A881E8FADA900B061E4 /* GPBRootObject.m in Sources */,
				8E9FBDBC1E8038DF001B87BA /* UserPofile.swift in Sources */,
				8E8F7A791E8FADA900B061E4 /* Empty.pbobjc.m in Sources */,
				8E9FBDB21E7FA812001B87BA /* LoginModel.swift in Sources */,
				8E8F7A7E1E8FADA900B061E4 /* Type.pbobjc.m in Sources */,
				8E09B6EB1E7BD3C700009BC4 /* AppDelegate.swift in Sources */,
				8E8F7A8B1E8FADA900B061E4 /* GPBUtilities.m in Sources */,
				8E8F7A741E8FADA900B061E4 /* ImOther.pbobjc.m in Sources */,
				8E203A321E7CDDE100AABB87 /* InterfaceDefine.swift in Sources */,
				8E9FBDBE1E8041EC001B87BA /* MainLeftController.swift in Sources */,
				8E11BDB41E90C6420029A7EB /* APIRouter.swift in Sources */,
				8E9FBDB01E7FA7F5001B87BA /* ModelProtocol.swift in Sources */,
				8E8F7A801E8FADA900B061E4 /* GPBArray.m in Sources */,
				8E09B7001E7BD3EF00009BC4 /* NHLoginWindowController.swift in Sources */,
				8E8F7A8A1E8FADA900B061E4 /* GPBUnknownFieldSet.m in Sources */,
				8E8F7A831E8FADA900B061E4 /* GPBDescriptor.m in Sources */,
				8E8F7A721E8FADA900B061E4 /* ImLogin.pbobjc.m in Sources */,
				8E8F7A711E8FADA900B061E4 /* ImBaseDefine.pbobjc.m in Sources */,
				8E11BDC51E9216910029A7EB /* ConnectTcpManager.swift in Sources */,
				8E8F7A7B1E8FADA900B061E4 /* SourceContext.pbobjc.m in Sources */,
				8E11BDBC1E914F310029A7EB /* IMChatMob.swift in Sources */,
				8E8F7A951E90157300B061E4 /* SwiftKit.swift in Sources */,
				8E8F7A911E8FB3D000B061E4 /* TcpManager.swift in Sources */,
				911096001EA7529D00CF941B /* MainRightChatController.swift in Sources */,
			);
			runOnlyForDeploymentPostprocessing = 0;
		};
/* End PBXSourcesBuildPhase section */

/* Begin PBXVariantGroup section */
		8E09B6EE1E7BD3C700009BC4 /* MainMenu.xib */ = {
			isa = PBXVariantGroup;
			children = (
				8E09B6EF1E7BD3C700009BC4 /* Base */,
			);
			name = MainMenu.xib;
			sourceTree = "<group>";
		};
/* End PBXVariantGroup section */

/* Begin XCBuildConfiguration section */
		8E09B6F21E7BD3C700009BC4 /* Debug */ = {
			isa = XCBuildConfiguration;
			buildSettings = {
				ALWAYS_SEARCH_USER_PATHS = NO;
				CLANG_ANALYZER_NONNULL = YES;
				CLANG_CXX_LANGUAGE_STANDARD = "gnu++0x";
				CLANG_CXX_LIBRARY = "libc++";
				CLANG_ENABLE_MODULES = YES;
				CLANG_ENABLE_OBJC_ARC = YES;
				CLANG_WARN_BOOL_CONVERSION = YES;
				CLANG_WARN_CONSTANT_CONVERSION = YES;
				CLANG_WARN_DIRECT_OBJC_ISA_USAGE = YES_ERROR;
				CLANG_WARN_DOCUMENTATION_COMMENTS = YES;
				CLANG_WARN_EMPTY_BODY = YES;
				CLANG_WARN_ENUM_CONVERSION = YES;
				CLANG_WARN_INFINITE_RECURSION = YES;
				CLANG_WARN_INT_CONVERSION = YES;
				CLANG_WARN_OBJC_ROOT_CLASS = YES_ERROR;
				CLANG_WARN_SUSPICIOUS_MOVE = YES;
				CLANG_WARN_UNREACHABLE_CODE = YES;
				CLANG_WARN__DUPLICATE_METHOD_MATCH = YES;
				CODE_SIGN_IDENTITY = "-";
				COPY_PHASE_STRIP = NO;
				DEBUG_INFORMATION_FORMAT = dwarf;
				ENABLE_STRICT_OBJC_MSGSEND = YES;
				ENABLE_TESTABILITY = YES;
				GCC_C_LANGUAGE_STANDARD = gnu99;
				GCC_DYNAMIC_NO_PIC = NO;
				GCC_NO_COMMON_BLOCKS = YES;
				GCC_OPTIMIZATION_LEVEL = 0;
				GCC_PREPROCESSOR_DEFINITIONS = (
					"DEBUG=1",
					"$(inherited)",
				);
				GCC_WARN_64_TO_32_BIT_CONVERSION = YES;
				GCC_WARN_ABOUT_RETURN_TYPE = YES_ERROR;
				GCC_WARN_UNDECLARED_SELECTOR = YES;
				GCC_WARN_UNINITIALIZED_AUTOS = YES_AGGRESSIVE;
				GCC_WARN_UNUSED_FUNCTION = YES;
				GCC_WARN_UNUSED_VARIABLE = YES;
				MACOSX_DEPLOYMENT_TARGET = 10.12;
				MTL_ENABLE_DEBUG_INFO = YES;
				ONLY_ACTIVE_ARCH = YES;
				SDKROOT = macosx;
				SWIFT_ACTIVE_COMPILATION_CONDITIONS = DEBUG;
				SWIFT_OPTIMIZATION_LEVEL = "-Onone";
			};
			name = Debug;
		};
		8E09B6F31E7BD3C700009BC4 /* Release */ = {
			isa = XCBuildConfiguration;
			buildSettings = {
				ALWAYS_SEARCH_USER_PATHS = NO;
				CLANG_ANALYZER_NONNULL = YES;
				CLANG_CXX_LANGUAGE_STANDARD = "gnu++0x";
				CLANG_CXX_LIBRARY = "libc++";
				CLANG_ENABLE_MODULES = YES;
				CLANG_ENABLE_OBJC_ARC = YES;
				CLANG_WARN_BOOL_CONVERSION = YES;
				CLANG_WARN_CONSTANT_CONVERSION = YES;
				CLANG_WARN_DIRECT_OBJC_ISA_USAGE = YES_ERROR;
				CLANG_WARN_DOCUMENTATION_COMMENTS = YES;
				CLANG_WARN_EMPTY_BODY = YES;
				CLANG_WARN_ENUM_CONVERSION = YES;
				CLANG_WARN_INFINITE_RECURSION = YES;
				CLANG_WARN_INT_CONVERSION = YES;
				CLANG_WARN_OBJC_ROOT_CLASS = YES_ERROR;
				CLANG_WARN_SUSPICIOUS_MOVE = YES;
				CLANG_WARN_UNREACHABLE_CODE = YES;
				CLANG_WARN__DUPLICATE_METHOD_MATCH = YES;
				CODE_SIGN_IDENTITY = "-";
				COPY_PHASE_STRIP = NO;
				DEBUG_INFORMATION_FORMAT = "dwarf-with-dsym";
				ENABLE_NS_ASSERTIONS = NO;
				ENABLE_STRICT_OBJC_MSGSEND = YES;
				GCC_C_LANGUAGE_STANDARD = gnu99;
				GCC_NO_COMMON_BLOCKS = YES;
				GCC_WARN_64_TO_32_BIT_CONVERSION = YES;
				GCC_WARN_ABOUT_RETURN_TYPE = YES_ERROR;
				GCC_WARN_UNDECLARED_SELECTOR = YES;
				GCC_WARN_UNINITIALIZED_AUTOS = YES_AGGRESSIVE;
				GCC_WARN_UNUSED_FUNCTION = YES;
				GCC_WARN_UNUSED_VARIABLE = YES;
				MACOSX_DEPLOYMENT_TARGET = 10.12;
				MTL_ENABLE_DEBUG_INFO = NO;
				SDKROOT = macosx;
				SWIFT_OPTIMIZATION_LEVEL = "-Owholemodule";
			};
			name = Release;
		};
		8E09B6F51E7BD3C700009BC4 /* Debug */ = {
			isa = XCBuildConfiguration;
			baseConfigurationReference = 63292AE3F821849537F39D54 /* Pods-MacOs-YunIM.debug.xcconfig */;
			buildSettings = {
				ASSETCATALOG_COMPILER_APPICON_NAME = AppIcon;
				CLANG_ENABLE_MODULES = YES;
				COMBINE_HIDPI_IMAGES = YES;
				INFOPLIST_FILE = "MacOs-YunIM/Info.plist";
				LD_RUNPATH_SEARCH_PATHS = "$(inherited) @executable_path/../Frameworks";
				MACOSX_DEPLOYMENT_TARGET = 10.12;
				PRODUCT_BUNDLE_IDENTIFIER = "Hui.MacOs-YunIM";
				PRODUCT_NAME = "$(TARGET_NAME)";
				SWIFT_OBJC_BRIDGING_HEADER = "MacOs-YunIM/MacOs-YunIM-Bridging-Header.h";
				SWIFT_OPTIMIZATION_LEVEL = "-Onone";
				SWIFT_VERSION = 3.0;
			};
			name = Debug;
		};
		8E09B6F61E7BD3C700009BC4 /* Release */ = {
			isa = XCBuildConfiguration;
			baseConfigurationReference = 020E92223CAE9C3671289CFD /* Pods-MacOs-YunIM.release.xcconfig */;
			buildSettings = {
				ASSETCATALOG_COMPILER_APPICON_NAME = AppIcon;
				CLANG_ENABLE_MODULES = YES;
				COMBINE_HIDPI_IMAGES = YES;
				INFOPLIST_FILE = "MacOs-YunIM/Info.plist";
				LD_RUNPATH_SEARCH_PATHS = "$(inherited) @executable_path/../Frameworks";
				MACOSX_DEPLOYMENT_TARGET = 10.12;
				PRODUCT_BUNDLE_IDENTIFIER = "Hui.MacOs-YunIM";
				PRODUCT_NAME = "$(TARGET_NAME)";
				SWIFT_OBJC_BRIDGING_HEADER = "MacOs-YunIM/MacOs-YunIM-Bridging-Header.h";
				SWIFT_VERSION = 3.0;
			};
			name = Release;
		};
/* End XCBuildConfiguration section */

/* Begin XCConfigurationList section */
		8E09B6E21E7BD3C700009BC4 /* Build configuration list for PBXProject "MacOs-YunIM" */ = {
			isa = XCConfigurationList;
			buildConfigurations = (
				8E09B6F21E7BD3C700009BC4 /* Debug */,
				8E09B6F31E7BD3C700009BC4 /* Release */,
			);
			defaultConfigurationIsVisible = 0;
			defaultConfigurationName = Release;
		};
		8E09B6F41E7BD3C700009BC4 /* Build configuration list for PBXNativeTarget "MacOs-YunIM" */ = {
			isa = XCConfigurationList;
			buildConfigurations = (
				8E09B6F51E7BD3C700009BC4 /* Debug */,
				8E09B6F61E7BD3C700009BC4 /* Release */,
			);
			defaultConfigurationIsVisible = 0;
			defaultConfigurationName = Release;
		};
/* End XCConfigurationList section */
	};
	rootObject = 8E09B6DF1E7BD3C700009BC4 /* Project object */;
}
